// !$*UTF8*$!
{
	archiveVersion = 1;
	classes = {
	};
	objectVersion = 46;
	objects = {

/* Begin PBXAggregateTarget section */
		"TD_Qvec_post_process::TD_Qvec_post_processPackageTests::ProductTarget" /* TD_Qvec_post_processPackageTests */ = {
			isa = PBXAggregateTarget;
			buildConfigurationList = OBJ_240 /* Build configuration list for PBXAggregateTarget "TD_Qvec_post_processPackageTests" */;
			buildPhases = (
			);
			dependencies = (
				OBJ_243 /* PBXTargetDependency */,
			);
			name = TD_Qvec_post_processPackageTests;
			productName = TD_Qvec_post_processPackageTests;
		};
/* End PBXAggregateTarget section */

/* Begin PBXBuildFile section */
		0B5AE1272269AF3E006D21A1 /* turb_spec.swift in Sources */ = {isa = PBXBuildFile; fileRef = 0B5AE11C2269AF3E006D21A1 /* turb_spec.swift */; };
		0B5AE1282269AF3E006D21A1 /* Grid_Dims.swift in Sources */ = {isa = PBXBuildFile; fileRef = 0B5AE11D2269AF3E006D21A1 /* Grid_Dims.swift */; };
		0B5AE1292269AF3E006D21A1 /* Qvec_Dims.swift in Sources */ = {isa = PBXBuildFile; fileRef = 0B5AE11E2269AF3E006D21A1 /* Qvec_Dims.swift */; };
		0B5AE12A2269AF3E006D21A1 /* main_Qvec_pp.swift in Sources */ = {isa = PBXBuildFile; fileRef = 0B5AE11F2269AF3E006D21A1 /* main_Qvec_pp.swift */; };
		0B5AE12B2269AF3E006D21A1 /* Inline.swift in Sources */ = {isa = PBXBuildFile; fileRef = 0B5AE1202269AF3E006D21A1 /* Inline.swift */; };
		0B5AE12C2269AF3E006D21A1 /* helper_functions.swift in Sources */ = {isa = PBXBuildFile; fileRef = 0B5AE1212269AF3E006D21A1 /* helper_functions.swift */; };
		0B5AE12D2269AF3E006D21A1 /* Node_Dims.swift in Sources */ = {isa = PBXBuildFile; fileRef = 0B5AE1222269AF3E006D21A1 /* Node_Dims.swift */; };
		0B5AE12E2269AF3E006D21A1 /* Base_Dims.swift in Sources */ = {isa = PBXBuildFile; fileRef = 0B5AE1232269AF3E006D21A1 /* Base_Dims.swift */; };
		0B5AE12F2269AF3E006D21A1 /* define_typealias.swift in Sources */ = {isa = PBXBuildFile; fileRef = 0B5AE1242269AF3E006D21A1 /* define_typealias.swift */; };
		0B5AE1302269AF3E006D21A1 /* qvec_calculations.swift in Sources */ = {isa = PBXBuildFile; fileRef = 0B5AE1252269AF3E006D21A1 /* qvec_calculations.swift */; };
		0B5AE1312269AF3E006D21A1 /* define_datastructures.swift in Sources */ = {isa = PBXBuildFile; fileRef = 0B5AE1262269AF3E006D21A1 /* define_datastructures.swift */; };
		0B5AE1322269B040006D21A1 /* Input_Files_V4.swift in Sources */ = {isa = PBXBuildFile; fileRef = OBJ_9 /* Input_Files_V4.swift */; };
		0B5AE1332269B049006D21A1 /* main.swift in Sources */ = {isa = PBXBuildFile; fileRef = OBJ_12 /* main.swift */; };
		0B5AE1342269B04E006D21A1 /* PostProcessing_Dims.swift in Sources */ = {isa = PBXBuildFile; fileRef = OBJ_10 /* PostProcessing_Dims.swift */; };
		OBJ_130 /* Await.swift in Sources */ = {isa = PBXBuildFile; fileRef = OBJ_20 /* Await.swift */; };
		OBJ_131 /* ByteString.swift in Sources */ = {isa = PBXBuildFile; fileRef = OBJ_21 /* ByteString.swift */; };
		OBJ_132 /* CStringArray.swift in Sources */ = {isa = PBXBuildFile; fileRef = OBJ_22 /* CStringArray.swift */; };
		OBJ_133 /* CacheableSequence.swift in Sources */ = {isa = PBXBuildFile; fileRef = OBJ_23 /* CacheableSequence.swift */; };
		OBJ_134 /* CollectionAlgorithms.swift in Sources */ = {isa = PBXBuildFile; fileRef = OBJ_24 /* CollectionAlgorithms.swift */; };
		OBJ_135 /* CollectionExtensions.swift in Sources */ = {isa = PBXBuildFile; fileRef = OBJ_25 /* CollectionExtensions.swift */; };
		OBJ_136 /* Condition.swift in Sources */ = {isa = PBXBuildFile; fileRef = OBJ_26 /* Condition.swift */; };
		OBJ_137 /* DeltaAlgorithm.swift in Sources */ = {isa = PBXBuildFile; fileRef = OBJ_27 /* DeltaAlgorithm.swift */; };
		OBJ_138 /* DiagnosticsEngine.swift in Sources */ = {isa = PBXBuildFile; fileRef = OBJ_28 /* DiagnosticsEngine.swift */; };
		OBJ_139 /* DictionaryExtensions.swift in Sources */ = {isa = PBXBuildFile; fileRef = OBJ_29 /* DictionaryExtensions.swift */; };
		OBJ_140 /* DictionaryLiteralExtensions.swift in Sources */ = {isa = PBXBuildFile; fileRef = OBJ_30 /* DictionaryLiteralExtensions.swift */; };
		OBJ_141 /* EditDistance.swift in Sources */ = {isa = PBXBuildFile; fileRef = OBJ_31 /* EditDistance.swift */; };
		OBJ_142 /* FileSystem.swift in Sources */ = {isa = PBXBuildFile; fileRef = OBJ_32 /* FileSystem.swift */; };
		OBJ_143 /* GraphAlgorithms.swift in Sources */ = {isa = PBXBuildFile; fileRef = OBJ_33 /* GraphAlgorithms.swift */; };
		OBJ_144 /* JSON.swift in Sources */ = {isa = PBXBuildFile; fileRef = OBJ_34 /* JSON.swift */; };
		OBJ_145 /* JSONMapper.swift in Sources */ = {isa = PBXBuildFile; fileRef = OBJ_35 /* JSONMapper.swift */; };
		OBJ_146 /* KeyedPair.swift in Sources */ = {isa = PBXBuildFile; fileRef = OBJ_36 /* KeyedPair.swift */; };
		OBJ_147 /* LazyCache.swift in Sources */ = {isa = PBXBuildFile; fileRef = OBJ_37 /* LazyCache.swift */; };
		OBJ_148 /* Lock.swift in Sources */ = {isa = PBXBuildFile; fileRef = OBJ_38 /* Lock.swift */; };
		OBJ_149 /* ObjectIdentifierProtocol.swift in Sources */ = {isa = PBXBuildFile; fileRef = OBJ_39 /* ObjectIdentifierProtocol.swift */; };
		OBJ_150 /* OrderedDictionary.swift in Sources */ = {isa = PBXBuildFile; fileRef = OBJ_40 /* OrderedDictionary.swift */; };
		OBJ_151 /* OrderedSet.swift in Sources */ = {isa = PBXBuildFile; fileRef = OBJ_41 /* OrderedSet.swift */; };
		OBJ_152 /* OutputByteStream.swift in Sources */ = {isa = PBXBuildFile; fileRef = OBJ_42 /* OutputByteStream.swift */; };
		OBJ_153 /* Path.swift in Sources */ = {isa = PBXBuildFile; fileRef = OBJ_43 /* Path.swift */; };
		OBJ_154 /* PathShims.swift in Sources */ = {isa = PBXBuildFile; fileRef = OBJ_44 /* PathShims.swift */; };
		OBJ_155 /* Process.swift in Sources */ = {isa = PBXBuildFile; fileRef = OBJ_45 /* Process.swift */; };
		OBJ_156 /* ProcessSet.swift in Sources */ = {isa = PBXBuildFile; fileRef = OBJ_46 /* ProcessSet.swift */; };
		OBJ_157 /* RegEx.swift in Sources */ = {isa = PBXBuildFile; fileRef = OBJ_47 /* RegEx.swift */; };
		OBJ_158 /* Result.swift in Sources */ = {isa = PBXBuildFile; fileRef = OBJ_48 /* Result.swift */; };
		OBJ_159 /* SHA256.swift in Sources */ = {isa = PBXBuildFile; fileRef = OBJ_49 /* SHA256.swift */; };
		OBJ_160 /* SortedArray.swift in Sources */ = {isa = PBXBuildFile; fileRef = OBJ_50 /* SortedArray.swift */; };
		OBJ_161 /* StringConversions.swift in Sources */ = {isa = PBXBuildFile; fileRef = OBJ_51 /* StringConversions.swift */; };
		OBJ_162 /* SynchronizedQueue.swift in Sources */ = {isa = PBXBuildFile; fileRef = OBJ_52 /* SynchronizedQueue.swift */; };
		OBJ_163 /* TemporaryFile.swift in Sources */ = {isa = PBXBuildFile; fileRef = OBJ_53 /* TemporaryFile.swift */; };
		OBJ_164 /* TerminalController.swift in Sources */ = {isa = PBXBuildFile; fileRef = OBJ_54 /* TerminalController.swift */; };
		OBJ_165 /* Thread.swift in Sources */ = {isa = PBXBuildFile; fileRef = OBJ_55 /* Thread.swift */; };
		OBJ_166 /* Tuple.swift in Sources */ = {isa = PBXBuildFile; fileRef = OBJ_56 /* Tuple.swift */; };
		OBJ_167 /* misc.swift in Sources */ = {isa = PBXBuildFile; fileRef = OBJ_57 /* misc.swift */; };
		OBJ_169 /* POSIX.framework in Frameworks */ = {isa = PBXBuildFile; fileRef = "SwiftPM::POSIX::Product" /* POSIX.framework */; };
		OBJ_170 /* SPMLibc.framework in Frameworks */ = {isa = PBXBuildFile; fileRef = "SwiftPM::SPMLibc::Product" /* SPMLibc.framework */; };
		OBJ_182 /* Error.swift in Sources */ = {isa = PBXBuildFile; fileRef = OBJ_61 /* Error.swift */; };
		OBJ_183 /* chdir.swift in Sources */ = {isa = PBXBuildFile; fileRef = OBJ_62 /* chdir.swift */; };
		OBJ_184 /* env.swift in Sources */ = {isa = PBXBuildFile; fileRef = OBJ_63 /* env.swift */; };
		OBJ_185 /* exit.swift in Sources */ = {isa = PBXBuildFile; fileRef = OBJ_64 /* exit.swift */; };
		OBJ_186 /* getcwd.swift in Sources */ = {isa = PBXBuildFile; fileRef = OBJ_65 /* getcwd.swift */; };
		OBJ_187 /* isatty.swift in Sources */ = {isa = PBXBuildFile; fileRef = OBJ_66 /* isatty.swift */; };
		OBJ_188 /* readdir.swift in Sources */ = {isa = PBXBuildFile; fileRef = OBJ_67 /* readdir.swift */; };
		OBJ_189 /* realpath.swift in Sources */ = {isa = PBXBuildFile; fileRef = OBJ_68 /* realpath.swift */; };
		OBJ_190 /* rename.swift in Sources */ = {isa = PBXBuildFile; fileRef = OBJ_69 /* rename.swift */; };
		OBJ_191 /* stat.swift in Sources */ = {isa = PBXBuildFile; fileRef = OBJ_70 /* stat.swift */; };
		OBJ_192 /* usleep.swift in Sources */ = {isa = PBXBuildFile; fileRef = OBJ_71 /* usleep.swift */; };
		OBJ_194 /* SPMLibc.framework in Frameworks */ = {isa = PBXBuildFile; fileRef = "SwiftPM::SPMLibc::Product" /* SPMLibc.framework */; };
		OBJ_195 /* clibc.framework in Frameworks */ = {isa = PBXBuildFile; fileRef = "SwiftPM::clibc::Product" /* clibc.framework */; };
		OBJ_202 /* libc.swift in Sources */ = {isa = PBXBuildFile; fileRef = OBJ_78 /* libc.swift */; };
		OBJ_204 /* clibc.framework in Frameworks */ = {isa = PBXBuildFile; fileRef = "SwiftPM::clibc::Product" /* clibc.framework */; };
		OBJ_211 /* Package.swift in Sources */ = {isa = PBXBuildFile; fileRef = OBJ_114 /* Package.swift */; };
		OBJ_222 /* Utility.framework in Frameworks */ = {isa = PBXBuildFile; fileRef = "SwiftPM::Utility::Product" /* Utility.framework */; };
		OBJ_223 /* Basic.framework in Frameworks */ = {isa = PBXBuildFile; fileRef = "SwiftPM::Basic::Product" /* Basic.framework */; };
		OBJ_224 /* POSIX.framework in Frameworks */ = {isa = PBXBuildFile; fileRef = "SwiftPM::POSIX::Product" /* POSIX.framework */; };
		OBJ_225 /* SPMLibc.framework in Frameworks */ = {isa = PBXBuildFile; fileRef = "SwiftPM::SPMLibc::Product" /* SPMLibc.framework */; };
		OBJ_226 /* clibc.framework in Frameworks */ = {isa = PBXBuildFile; fileRef = "SwiftPM::clibc::Product" /* clibc.framework */; };
		OBJ_238 /* Package.swift in Sources */ = {isa = PBXBuildFile; fileRef = OBJ_6 /* Package.swift */; };
		OBJ_249 /* TD_Qvec_post_processTests.swift in Sources */ = {isa = PBXBuildFile; fileRef = OBJ_15 /* TD_Qvec_post_processTests.swift */; };
		OBJ_250 /* XCTestManifests.swift in Sources */ = {isa = PBXBuildFile; fileRef = OBJ_16 /* XCTestManifests.swift */; };
		OBJ_252 /* Utility.framework in Frameworks */ = {isa = PBXBuildFile; fileRef = "SwiftPM::Utility::Product" /* Utility.framework */; };
		OBJ_253 /* Basic.framework in Frameworks */ = {isa = PBXBuildFile; fileRef = "SwiftPM::Basic::Product" /* Basic.framework */; };
		OBJ_254 /* POSIX.framework in Frameworks */ = {isa = PBXBuildFile; fileRef = "SwiftPM::POSIX::Product" /* POSIX.framework */; };
		OBJ_255 /* SPMLibc.framework in Frameworks */ = {isa = PBXBuildFile; fileRef = "SwiftPM::SPMLibc::Product" /* SPMLibc.framework */; };
		OBJ_256 /* clibc.framework in Frameworks */ = {isa = PBXBuildFile; fileRef = "SwiftPM::clibc::Product" /* clibc.framework */; };
		OBJ_267 /* ArgumentParser.swift in Sources */ = {isa = PBXBuildFile; fileRef = OBJ_83 /* ArgumentParser.swift */; };
		OBJ_268 /* ArgumentParserShellCompletion.swift in Sources */ = {isa = PBXBuildFile; fileRef = OBJ_84 /* ArgumentParserShellCompletion.swift */; };
		OBJ_269 /* BuildFlags.swift in Sources */ = {isa = PBXBuildFile; fileRef = OBJ_85 /* BuildFlags.swift */; };
		OBJ_270 /* CollectionExtensions.swift in Sources */ = {isa = PBXBuildFile; fileRef = OBJ_86 /* CollectionExtensions.swift */; };
		OBJ_271 /* Diagnostics.swift in Sources */ = {isa = PBXBuildFile; fileRef = OBJ_87 /* Diagnostics.swift */; };
		OBJ_272 /* Git.swift in Sources */ = {isa = PBXBuildFile; fileRef = OBJ_88 /* Git.swift */; };
		OBJ_273 /* InterruptHandler.swift in Sources */ = {isa = PBXBuildFile; fileRef = OBJ_89 /* InterruptHandler.swift */; };
		OBJ_274 /* PkgConfig.swift in Sources */ = {isa = PBXBuildFile; fileRef = OBJ_90 /* PkgConfig.swift */; };
		OBJ_275 /* Platform.swift in Sources */ = {isa = PBXBuildFile; fileRef = OBJ_91 /* Platform.swift */; };
		OBJ_276 /* Process.swift in Sources */ = {isa = PBXBuildFile; fileRef = OBJ_92 /* Process.swift */; };
		OBJ_277 /* ProgressBar.swift in Sources */ = {isa = PBXBuildFile; fileRef = OBJ_93 /* ProgressBar.swift */; };
		OBJ_278 /* SimplePersistence.swift in Sources */ = {isa = PBXBuildFile; fileRef = OBJ_94 /* SimplePersistence.swift */; };
		OBJ_279 /* StringExtensions.swift in Sources */ = {isa = PBXBuildFile; fileRef = OBJ_95 /* StringExtensions.swift */; };
		OBJ_280 /* StringMangling.swift in Sources */ = {isa = PBXBuildFile; fileRef = OBJ_96 /* StringMangling.swift */; };
		OBJ_281 /* URL.swift in Sources */ = {isa = PBXBuildFile; fileRef = OBJ_97 /* URL.swift */; };
		OBJ_282 /* Verbosity.swift in Sources */ = {isa = PBXBuildFile; fileRef = OBJ_98 /* Verbosity.swift */; };
		OBJ_283 /* Version.swift in Sources */ = {isa = PBXBuildFile; fileRef = OBJ_99 /* Version.swift */; };
		OBJ_284 /* Versioning.swift in Sources */ = {isa = PBXBuildFile; fileRef = OBJ_100 /* Versioning.swift */; };
		OBJ_285 /* misc.swift in Sources */ = {isa = PBXBuildFile; fileRef = OBJ_101 /* misc.swift */; };
		OBJ_287 /* Basic.framework in Frameworks */ = {isa = PBXBuildFile; fileRef = "SwiftPM::Basic::Product" /* Basic.framework */; };
		OBJ_288 /* POSIX.framework in Frameworks */ = {isa = PBXBuildFile; fileRef = "SwiftPM::POSIX::Product" /* POSIX.framework */; };
		OBJ_289 /* SPMLibc.framework in Frameworks */ = {isa = PBXBuildFile; fileRef = "SwiftPM::SPMLibc::Product" /* SPMLibc.framework */; };
		OBJ_290 /* clibc.framework in Frameworks */ = {isa = PBXBuildFile; fileRef = "SwiftPM::clibc::Product" /* clibc.framework */; };
		OBJ_299 /* libc.c in Sources */ = {isa = PBXBuildFile; fileRef = OBJ_105 /* libc.c */; };
/* End PBXBuildFile section */

/* Begin PBXContainerItemProxy section */
		0B5AE0E7226701B4006D21A1 /* PBXContainerItemProxy */ = {
			isa = PBXContainerItemProxy;
			containerPortal = OBJ_1 /* Project object */;
			proxyType = 1;
			remoteGlobalIDString = "SwiftPM::Utility";
			remoteInfo = Utility;
		};
		0B5AE0E8226701B4006D21A1 /* PBXContainerItemProxy */ = {
			isa = PBXContainerItemProxy;
			containerPortal = OBJ_1 /* Project object */;
			proxyType = 1;
			remoteGlobalIDString = "SwiftPM::Basic";
			remoteInfo = Basic;
		};
		0B5AE0E9226701B4006D21A1 /* PBXContainerItemProxy */ = {
			isa = PBXContainerItemProxy;
			containerPortal = OBJ_1 /* Project object */;
			proxyType = 1;
			remoteGlobalIDString = "SwiftPM::POSIX";
			remoteInfo = POSIX;
		};
		0B5AE0EA226701B4006D21A1 /* PBXContainerItemProxy */ = {
			isa = PBXContainerItemProxy;
			containerPortal = OBJ_1 /* Project object */;
			proxyType = 1;
			remoteGlobalIDString = "SwiftPM::SPMLibc";
			remoteInfo = SPMLibc;
		};
		0B5AE0EB226701B4006D21A1 /* PBXContainerItemProxy */ = {
			isa = PBXContainerItemProxy;
			containerPortal = OBJ_1 /* Project object */;
			proxyType = 1;
			remoteGlobalIDString = "SwiftPM::clibc";
			remoteInfo = clibc;
		};
		0B5AE0EC226701B4006D21A1 /* PBXContainerItemProxy */ = {
			isa = PBXContainerItemProxy;
			containerPortal = OBJ_1 /* Project object */;
			proxyType = 1;
			remoteGlobalIDString = "SwiftPM::clibc";
			remoteInfo = clibc;
		};
		0B5AE0ED226701B4006D21A1 /* PBXContainerItemProxy */ = {
			isa = PBXContainerItemProxy;
			containerPortal = OBJ_1 /* Project object */;
			proxyType = 1;
			remoteGlobalIDString = "SwiftPM::SPMLibc";
			remoteInfo = SPMLibc;
		};
		0B5AE0EE226701B4006D21A1 /* PBXContainerItemProxy */ = {
			isa = PBXContainerItemProxy;
			containerPortal = OBJ_1 /* Project object */;
			proxyType = 1;
			remoteGlobalIDString = "SwiftPM::clibc";
			remoteInfo = clibc;
		};
		0B5AE0EF226701B4006D21A1 /* PBXContainerItemProxy */ = {
			isa = PBXContainerItemProxy;
			containerPortal = OBJ_1 /* Project object */;
			proxyType = 1;
			remoteGlobalIDString = "SwiftPM::POSIX";
			remoteInfo = POSIX;
		};
		0B5AE0F0226701B4006D21A1 /* PBXContainerItemProxy */ = {
			isa = PBXContainerItemProxy;
			containerPortal = OBJ_1 /* Project object */;
			proxyType = 1;
			remoteGlobalIDString = "SwiftPM::SPMLibc";
			remoteInfo = SPMLibc;
		};
		0B5AE0F1226701B4006D21A1 /* PBXContainerItemProxy */ = {
			isa = PBXContainerItemProxy;
			containerPortal = OBJ_1 /* Project object */;
			proxyType = 1;
			remoteGlobalIDString = "SwiftPM::clibc";
			remoteInfo = clibc;
		};
		0B5AE0F2226701B4006D21A1 /* PBXContainerItemProxy */ = {
			isa = PBXContainerItemProxy;
			containerPortal = OBJ_1 /* Project object */;
			proxyType = 1;
			remoteGlobalIDString = "SwiftPM::Basic";
			remoteInfo = Basic;
		};
		0B5AE0F3226701B4006D21A1 /* PBXContainerItemProxy */ = {
			isa = PBXContainerItemProxy;
			containerPortal = OBJ_1 /* Project object */;
			proxyType = 1;
			remoteGlobalIDString = "SwiftPM::POSIX";
			remoteInfo = POSIX;
		};
		0B5AE0F4226701B4006D21A1 /* PBXContainerItemProxy */ = {
			isa = PBXContainerItemProxy;
			containerPortal = OBJ_1 /* Project object */;
			proxyType = 1;
			remoteGlobalIDString = "SwiftPM::SPMLibc";
			remoteInfo = SPMLibc;
		};
		0B5AE0F5226701B4006D21A1 /* PBXContainerItemProxy */ = {
			isa = PBXContainerItemProxy;
			containerPortal = OBJ_1 /* Project object */;
			proxyType = 1;
			remoteGlobalIDString = "SwiftPM::clibc";
			remoteInfo = clibc;
		};
		0B5AE0F6226701B4006D21A1 /* PBXContainerItemProxy */ = {
			isa = PBXContainerItemProxy;
			containerPortal = OBJ_1 /* Project object */;
			proxyType = 1;
			remoteGlobalIDString = "TD_Qvec_post_process::TD_Qvec_post_process";
			remoteInfo = TD_Qvec_post_process;
		};
		0B5AE0F7226701B4006D21A1 /* PBXContainerItemProxy */ = {
			isa = PBXContainerItemProxy;
			containerPortal = OBJ_1 /* Project object */;
			proxyType = 1;
			remoteGlobalIDString = "SwiftPM::Utility";
			remoteInfo = Utility;
		};
		0B5AE0F8226701B4006D21A1 /* PBXContainerItemProxy */ = {
			isa = PBXContainerItemProxy;
			containerPortal = OBJ_1 /* Project object */;
			proxyType = 1;
			remoteGlobalIDString = "SwiftPM::Basic";
			remoteInfo = Basic;
		};
		0B5AE0F9226701B4006D21A1 /* PBXContainerItemProxy */ = {
			isa = PBXContainerItemProxy;
			containerPortal = OBJ_1 /* Project object */;
			proxyType = 1;
			remoteGlobalIDString = "SwiftPM::POSIX";
			remoteInfo = POSIX;
		};
		0B5AE0FA226701B4006D21A1 /* PBXContainerItemProxy */ = {
			isa = PBXContainerItemProxy;
			containerPortal = OBJ_1 /* Project object */;
			proxyType = 1;
			remoteGlobalIDString = "SwiftPM::SPMLibc";
			remoteInfo = SPMLibc;
		};
		0B5AE0FB226701B4006D21A1 /* PBXContainerItemProxy */ = {
			isa = PBXContainerItemProxy;
			containerPortal = OBJ_1 /* Project object */;
			proxyType = 1;
			remoteGlobalIDString = "SwiftPM::clibc";
			remoteInfo = clibc;
		};
		0B5AE0FC226701B6006D21A1 /* PBXContainerItemProxy */ = {
			isa = PBXContainerItemProxy;
			containerPortal = OBJ_1 /* Project object */;
			proxyType = 1;
			remoteGlobalIDString = "TD_Qvec_post_process::TD_Qvec_post_processTests";
			remoteInfo = TD_Qvec_post_processTests;
		};
/* End PBXContainerItemProxy section */

/* Begin PBXFileReference section */
		0B5AE11C2269AF3E006D21A1 /* turb_spec.swift */ = {isa = PBXFileReference; fileEncoding = 4; lastKnownFileType = sourcecode.swift; path = turb_spec.swift; sourceTree = "<group>"; };
		0B5AE11D2269AF3E006D21A1 /* Grid_Dims.swift */ = {isa = PBXFileReference; fileEncoding = 4; lastKnownFileType = sourcecode.swift; path = Grid_Dims.swift; sourceTree = "<group>"; };
		0B5AE11E2269AF3E006D21A1 /* Qvec_Dims.swift */ = {isa = PBXFileReference; fileEncoding = 4; lastKnownFileType = sourcecode.swift; path = Qvec_Dims.swift; sourceTree = "<group>"; };
		0B5AE11F2269AF3E006D21A1 /* main_Qvec_pp.swift */ = {isa = PBXFileReference; fileEncoding = 4; lastKnownFileType = sourcecode.swift; path = main_Qvec_pp.swift; sourceTree = "<group>"; };
		0B5AE1202269AF3E006D21A1 /* Inline.swift */ = {isa = PBXFileReference; fileEncoding = 4; lastKnownFileType = sourcecode.swift; path = Inline.swift; sourceTree = "<group>"; };
		0B5AE1212269AF3E006D21A1 /* helper_functions.swift */ = {isa = PBXFileReference; fileEncoding = 4; lastKnownFileType = sourcecode.swift; path = helper_functions.swift; sourceTree = "<group>"; };
		0B5AE1222269AF3E006D21A1 /* Node_Dims.swift */ = {isa = PBXFileReference; fileEncoding = 4; lastKnownFileType = sourcecode.swift; path = Node_Dims.swift; sourceTree = "<group>"; };
		0B5AE1232269AF3E006D21A1 /* Base_Dims.swift */ = {isa = PBXFileReference; fileEncoding = 4; lastKnownFileType = sourcecode.swift; path = Base_Dims.swift; sourceTree = "<group>"; };
		0B5AE1242269AF3E006D21A1 /* define_typealias.swift */ = {isa = PBXFileReference; fileEncoding = 4; lastKnownFileType = sourcecode.swift; path = define_typealias.swift; sourceTree = "<group>"; };
		0B5AE1252269AF3E006D21A1 /* qvec_calculations.swift */ = {isa = PBXFileReference; fileEncoding = 4; lastKnownFileType = sourcecode.swift; path = qvec_calculations.swift; sourceTree = "<group>"; };
		0B5AE1262269AF3E006D21A1 /* define_datastructures.swift */ = {isa = PBXFileReference; fileEncoding = 4; lastKnownFileType = sourcecode.swift; path = define_datastructures.swift; sourceTree = "<group>"; };
		OBJ_10 /* PostProcessing_Dims.swift */ = {isa = PBXFileReference; lastKnownFileType = sourcecode.swift; path = PostProcessing_Dims.swift; sourceTree = "<group>"; };
		OBJ_100 /* Versioning.swift */ = {isa = PBXFileReference; lastKnownFileType = sourcecode.swift; path = Versioning.swift; sourceTree = "<group>"; };
		OBJ_101 /* misc.swift */ = {isa = PBXFileReference; lastKnownFileType = sourcecode.swift; path = misc.swift; sourceTree = "<group>"; };
		OBJ_105 /* libc.c */ = {isa = PBXFileReference; lastKnownFileType = sourcecode.c.c; path = libc.c; sourceTree = "<group>"; };
		OBJ_107 /* clibc.h */ = {isa = PBXFileReference; lastKnownFileType = sourcecode.c.h; path = clibc.h; sourceTree = "<group>"; };
		OBJ_108 /* module.modulemap */ = {isa = PBXFileReference; lastKnownFileType = "sourcecode.module-map"; name = module.modulemap; path = "/Volumes/System/Downloads/Niall-O-Byrnes/TD_Qvec_post_process/.build/checkouts/swift-package-manager/Sources/clibc/include/module.modulemap"; sourceTree = "<group>"; };
		OBJ_114 /* Package.swift */ = {isa = PBXFileReference; explicitFileType = sourcecode.swift; name = Package.swift; path = "/Volumes/System/Downloads/Niall-O-Byrnes/TD_Qvec_post_process/.build/checkouts/swift-package-manager/Package.swift"; sourceTree = "<group>"; };
		OBJ_12 /* main.swift */ = {isa = PBXFileReference; lastKnownFileType = sourcecode.swift; path = main.swift; sourceTree = "<group>"; };
		OBJ_123 /* python */ = {isa = PBXFileReference; lastKnownFileType = folder; path = python; sourceTree = SOURCE_ROOT; };
		OBJ_124 /* Converted */ = {isa = PBXFileReference; lastKnownFileType = folder; path = Converted; sourceTree = SOURCE_ROOT; };
		OBJ_15 /* TD_Qvec_post_processTests.swift */ = {isa = PBXFileReference; lastKnownFileType = sourcecode.swift; path = TD_Qvec_post_processTests.swift; sourceTree = "<group>"; };
		OBJ_16 /* XCTestManifests.swift */ = {isa = PBXFileReference; lastKnownFileType = sourcecode.swift; path = XCTestManifests.swift; sourceTree = "<group>"; };
		OBJ_20 /* Await.swift */ = {isa = PBXFileReference; lastKnownFileType = sourcecode.swift; path = Await.swift; sourceTree = "<group>"; };
		OBJ_21 /* ByteString.swift */ = {isa = PBXFileReference; lastKnownFileType = sourcecode.swift; path = ByteString.swift; sourceTree = "<group>"; };
		OBJ_22 /* CStringArray.swift */ = {isa = PBXFileReference; lastKnownFileType = sourcecode.swift; path = CStringArray.swift; sourceTree = "<group>"; };
		OBJ_23 /* CacheableSequence.swift */ = {isa = PBXFileReference; lastKnownFileType = sourcecode.swift; path = CacheableSequence.swift; sourceTree = "<group>"; };
		OBJ_24 /* CollectionAlgorithms.swift */ = {isa = PBXFileReference; lastKnownFileType = sourcecode.swift; path = CollectionAlgorithms.swift; sourceTree = "<group>"; };
		OBJ_25 /* CollectionExtensions.swift */ = {isa = PBXFileReference; lastKnownFileType = sourcecode.swift; path = CollectionExtensions.swift; sourceTree = "<group>"; };
		OBJ_26 /* Condition.swift */ = {isa = PBXFileReference; lastKnownFileType = sourcecode.swift; path = Condition.swift; sourceTree = "<group>"; };
		OBJ_27 /* DeltaAlgorithm.swift */ = {isa = PBXFileReference; lastKnownFileType = sourcecode.swift; path = DeltaAlgorithm.swift; sourceTree = "<group>"; };
		OBJ_28 /* DiagnosticsEngine.swift */ = {isa = PBXFileReference; lastKnownFileType = sourcecode.swift; path = DiagnosticsEngine.swift; sourceTree = "<group>"; };
		OBJ_29 /* DictionaryExtensions.swift */ = {isa = PBXFileReference; lastKnownFileType = sourcecode.swift; path = DictionaryExtensions.swift; sourceTree = "<group>"; };
		OBJ_30 /* DictionaryLiteralExtensions.swift */ = {isa = PBXFileReference; lastKnownFileType = sourcecode.swift; path = DictionaryLiteralExtensions.swift; sourceTree = "<group>"; };
		OBJ_31 /* EditDistance.swift */ = {isa = PBXFileReference; lastKnownFileType = sourcecode.swift; path = EditDistance.swift; sourceTree = "<group>"; };
		OBJ_32 /* FileSystem.swift */ = {isa = PBXFileReference; lastKnownFileType = sourcecode.swift; path = FileSystem.swift; sourceTree = "<group>"; };
		OBJ_33 /* GraphAlgorithms.swift */ = {isa = PBXFileReference; lastKnownFileType = sourcecode.swift; path = GraphAlgorithms.swift; sourceTree = "<group>"; };
		OBJ_34 /* JSON.swift */ = {isa = PBXFileReference; lastKnownFileType = sourcecode.swift; path = JSON.swift; sourceTree = "<group>"; };
		OBJ_35 /* JSONMapper.swift */ = {isa = PBXFileReference; lastKnownFileType = sourcecode.swift; path = JSONMapper.swift; sourceTree = "<group>"; };
		OBJ_36 /* KeyedPair.swift */ = {isa = PBXFileReference; lastKnownFileType = sourcecode.swift; path = KeyedPair.swift; sourceTree = "<group>"; };
		OBJ_37 /* LazyCache.swift */ = {isa = PBXFileReference; lastKnownFileType = sourcecode.swift; path = LazyCache.swift; sourceTree = "<group>"; };
		OBJ_38 /* Lock.swift */ = {isa = PBXFileReference; lastKnownFileType = sourcecode.swift; path = Lock.swift; sourceTree = "<group>"; };
		OBJ_39 /* ObjectIdentifierProtocol.swift */ = {isa = PBXFileReference; lastKnownFileType = sourcecode.swift; path = ObjectIdentifierProtocol.swift; sourceTree = "<group>"; };
		OBJ_40 /* OrderedDictionary.swift */ = {isa = PBXFileReference; lastKnownFileType = sourcecode.swift; path = OrderedDictionary.swift; sourceTree = "<group>"; };
		OBJ_41 /* OrderedSet.swift */ = {isa = PBXFileReference; lastKnownFileType = sourcecode.swift; path = OrderedSet.swift; sourceTree = "<group>"; };
		OBJ_42 /* OutputByteStream.swift */ = {isa = PBXFileReference; lastKnownFileType = sourcecode.swift; path = OutputByteStream.swift; sourceTree = "<group>"; };
		OBJ_43 /* Path.swift */ = {isa = PBXFileReference; lastKnownFileType = sourcecode.swift; path = Path.swift; sourceTree = "<group>"; };
		OBJ_44 /* PathShims.swift */ = {isa = PBXFileReference; lastKnownFileType = sourcecode.swift; path = PathShims.swift; sourceTree = "<group>"; };
		OBJ_45 /* Process.swift */ = {isa = PBXFileReference; lastKnownFileType = sourcecode.swift; path = Process.swift; sourceTree = "<group>"; };
		OBJ_46 /* ProcessSet.swift */ = {isa = PBXFileReference; lastKnownFileType = sourcecode.swift; path = ProcessSet.swift; sourceTree = "<group>"; };
		OBJ_47 /* RegEx.swift */ = {isa = PBXFileReference; lastKnownFileType = sourcecode.swift; path = RegEx.swift; sourceTree = "<group>"; };
		OBJ_48 /* Result.swift */ = {isa = PBXFileReference; lastKnownFileType = sourcecode.swift; path = Result.swift; sourceTree = "<group>"; };
		OBJ_49 /* SHA256.swift */ = {isa = PBXFileReference; lastKnownFileType = sourcecode.swift; path = SHA256.swift; sourceTree = "<group>"; };
		OBJ_50 /* SortedArray.swift */ = {isa = PBXFileReference; lastKnownFileType = sourcecode.swift; path = SortedArray.swift; sourceTree = "<group>"; };
		OBJ_51 /* StringConversions.swift */ = {isa = PBXFileReference; lastKnownFileType = sourcecode.swift; path = StringConversions.swift; sourceTree = "<group>"; };
		OBJ_52 /* SynchronizedQueue.swift */ = {isa = PBXFileReference; lastKnownFileType = sourcecode.swift; path = SynchronizedQueue.swift; sourceTree = "<group>"; };
		OBJ_53 /* TemporaryFile.swift */ = {isa = PBXFileReference; lastKnownFileType = sourcecode.swift; path = TemporaryFile.swift; sourceTree = "<group>"; };
		OBJ_54 /* TerminalController.swift */ = {isa = PBXFileReference; lastKnownFileType = sourcecode.swift; path = TerminalController.swift; sourceTree = "<group>"; };
		OBJ_55 /* Thread.swift */ = {isa = PBXFileReference; lastKnownFileType = sourcecode.swift; path = Thread.swift; sourceTree = "<group>"; };
		OBJ_56 /* Tuple.swift */ = {isa = PBXFileReference; lastKnownFileType = sourcecode.swift; path = Tuple.swift; sourceTree = "<group>"; };
		OBJ_57 /* misc.swift */ = {isa = PBXFileReference; lastKnownFileType = sourcecode.swift; path = misc.swift; sourceTree = "<group>"; };
		OBJ_6 /* Package.swift */ = {isa = PBXFileReference; explicitFileType = sourcecode.swift; path = Package.swift; sourceTree = "<group>"; };
		OBJ_61 /* Error.swift */ = {isa = PBXFileReference; lastKnownFileType = sourcecode.swift; path = Error.swift; sourceTree = "<group>"; };
		OBJ_62 /* chdir.swift */ = {isa = PBXFileReference; lastKnownFileType = sourcecode.swift; path = chdir.swift; sourceTree = "<group>"; };
		OBJ_63 /* env.swift */ = {isa = PBXFileReference; lastKnownFileType = sourcecode.swift; path = env.swift; sourceTree = "<group>"; };
		OBJ_64 /* exit.swift */ = {isa = PBXFileReference; lastKnownFileType = sourcecode.swift; path = exit.swift; sourceTree = "<group>"; };
		OBJ_65 /* getcwd.swift */ = {isa = PBXFileReference; lastKnownFileType = sourcecode.swift; path = getcwd.swift; sourceTree = "<group>"; };
		OBJ_66 /* isatty.swift */ = {isa = PBXFileReference; lastKnownFileType = sourcecode.swift; path = isatty.swift; sourceTree = "<group>"; };
		OBJ_67 /* readdir.swift */ = {isa = PBXFileReference; lastKnownFileType = sourcecode.swift; path = readdir.swift; sourceTree = "<group>"; };
		OBJ_68 /* realpath.swift */ = {isa = PBXFileReference; lastKnownFileType = sourcecode.swift; path = realpath.swift; sourceTree = "<group>"; };
		OBJ_69 /* rename.swift */ = {isa = PBXFileReference; lastKnownFileType = sourcecode.swift; path = rename.swift; sourceTree = "<group>"; };
		OBJ_70 /* stat.swift */ = {isa = PBXFileReference; lastKnownFileType = sourcecode.swift; path = stat.swift; sourceTree = "<group>"; };
		OBJ_71 /* usleep.swift */ = {isa = PBXFileReference; lastKnownFileType = sourcecode.swift; path = usleep.swift; sourceTree = "<group>"; };
		OBJ_78 /* libc.swift */ = {isa = PBXFileReference; lastKnownFileType = sourcecode.swift; path = libc.swift; sourceTree = "<group>"; };
		OBJ_83 /* ArgumentParser.swift */ = {isa = PBXFileReference; lastKnownFileType = sourcecode.swift; path = ArgumentParser.swift; sourceTree = "<group>"; };
		OBJ_84 /* ArgumentParserShellCompletion.swift */ = {isa = PBXFileReference; lastKnownFileType = sourcecode.swift; path = ArgumentParserShellCompletion.swift; sourceTree = "<group>"; };
		OBJ_85 /* BuildFlags.swift */ = {isa = PBXFileReference; lastKnownFileType = sourcecode.swift; path = BuildFlags.swift; sourceTree = "<group>"; };
		OBJ_86 /* CollectionExtensions.swift */ = {isa = PBXFileReference; lastKnownFileType = sourcecode.swift; path = CollectionExtensions.swift; sourceTree = "<group>"; };
		OBJ_87 /* Diagnostics.swift */ = {isa = PBXFileReference; lastKnownFileType = sourcecode.swift; path = Diagnostics.swift; sourceTree = "<group>"; };
		OBJ_88 /* Git.swift */ = {isa = PBXFileReference; lastKnownFileType = sourcecode.swift; path = Git.swift; sourceTree = "<group>"; };
		OBJ_89 /* InterruptHandler.swift */ = {isa = PBXFileReference; lastKnownFileType = sourcecode.swift; path = InterruptHandler.swift; sourceTree = "<group>"; };
		OBJ_9 /* Input_Files_V4.swift */ = {isa = PBXFileReference; lastKnownFileType = sourcecode.swift; path = Input_Files_V4.swift; sourceTree = "<group>"; };
		OBJ_90 /* PkgConfig.swift */ = {isa = PBXFileReference; lastKnownFileType = sourcecode.swift; path = PkgConfig.swift; sourceTree = "<group>"; };
		OBJ_91 /* Platform.swift */ = {isa = PBXFileReference; lastKnownFileType = sourcecode.swift; path = Platform.swift; sourceTree = "<group>"; };
		OBJ_92 /* Process.swift */ = {isa = PBXFileReference; lastKnownFileType = sourcecode.swift; path = Process.swift; sourceTree = "<group>"; };
		OBJ_93 /* ProgressBar.swift */ = {isa = PBXFileReference; lastKnownFileType = sourcecode.swift; path = ProgressBar.swift; sourceTree = "<group>"; };
		OBJ_94 /* SimplePersistence.swift */ = {isa = PBXFileReference; lastKnownFileType = sourcecode.swift; path = SimplePersistence.swift; sourceTree = "<group>"; };
		OBJ_95 /* StringExtensions.swift */ = {isa = PBXFileReference; lastKnownFileType = sourcecode.swift; path = StringExtensions.swift; sourceTree = "<group>"; };
		OBJ_96 /* StringMangling.swift */ = {isa = PBXFileReference; lastKnownFileType = sourcecode.swift; path = StringMangling.swift; sourceTree = "<group>"; };
		OBJ_97 /* URL.swift */ = {isa = PBXFileReference; lastKnownFileType = sourcecode.swift; path = URL.swift; sourceTree = "<group>"; };
		OBJ_98 /* Verbosity.swift */ = {isa = PBXFileReference; lastKnownFileType = sourcecode.swift; path = Verbosity.swift; sourceTree = "<group>"; };
		OBJ_99 /* Version.swift */ = {isa = PBXFileReference; lastKnownFileType = sourcecode.swift; path = Version.swift; sourceTree = "<group>"; };
		"SwiftPM::Basic::Product" /* Basic.framework */ = {isa = PBXFileReference; lastKnownFileType = wrapper.framework; path = Basic.framework; sourceTree = BUILT_PRODUCTS_DIR; };
		"SwiftPM::POSIX::Product" /* POSIX.framework */ = {isa = PBXFileReference; lastKnownFileType = wrapper.framework; path = POSIX.framework; sourceTree = BUILT_PRODUCTS_DIR; };
		"SwiftPM::SPMLibc::Product" /* SPMLibc.framework */ = {isa = PBXFileReference; lastKnownFileType = wrapper.framework; path = SPMLibc.framework; sourceTree = BUILT_PRODUCTS_DIR; };
		"SwiftPM::Utility::Product" /* Utility.framework */ = {isa = PBXFileReference; lastKnownFileType = wrapper.framework; path = Utility.framework; sourceTree = BUILT_PRODUCTS_DIR; };
		"SwiftPM::clibc::Product" /* clibc.framework */ = {isa = PBXFileReference; lastKnownFileType = wrapper.framework; path = clibc.framework; sourceTree = BUILT_PRODUCTS_DIR; };
		"TD_Qvec_post_process::TD_Qvec_post_process::Product" /* TD_Qvec_post_process */ = {isa = PBXFileReference; explicitFileType = "compiled.mach-o.executable"; path = TD_Qvec_post_process; sourceTree = BUILT_PRODUCTS_DIR; };
		"TD_Qvec_post_process::TD_Qvec_post_processTests::Product" /* TD_Qvec_post_processTests.xctest */ = {isa = PBXFileReference; explicitFileType = wrapper.cfbundle; path = TD_Qvec_post_processTests.xctest; sourceTree = BUILT_PRODUCTS_DIR; };
/* End PBXFileReference section */

/* Begin PBXFrameworksBuildPhase section */
		OBJ_168 /* Frameworks */ = {
			isa = PBXFrameworksBuildPhase;
			buildActionMask = 0;
			files = (
				OBJ_169 /* POSIX.framework in Frameworks */,
				OBJ_170 /* SPMLibc.framework in Frameworks */,
			);
			runOnlyForDeploymentPostprocessing = 0;
		};
		OBJ_193 /* Frameworks */ = {
			isa = PBXFrameworksBuildPhase;
			buildActionMask = 0;
			files = (
				OBJ_194 /* SPMLibc.framework in Frameworks */,
				OBJ_195 /* clibc.framework in Frameworks */,
			);
			runOnlyForDeploymentPostprocessing = 0;
		};
		OBJ_203 /* Frameworks */ = {
			isa = PBXFrameworksBuildPhase;
			buildActionMask = 0;
			files = (
				OBJ_204 /* clibc.framework in Frameworks */,
			);
			runOnlyForDeploymentPostprocessing = 0;
		};
		OBJ_221 /* Frameworks */ = {
			isa = PBXFrameworksBuildPhase;
			buildActionMask = 0;
			files = (
				OBJ_222 /* Utility.framework in Frameworks */,
				OBJ_223 /* Basic.framework in Frameworks */,
				OBJ_224 /* POSIX.framework in Frameworks */,
				OBJ_225 /* SPMLibc.framework in Frameworks */,
				OBJ_226 /* clibc.framework in Frameworks */,
			);
			runOnlyForDeploymentPostprocessing = 0;
		};
		OBJ_251 /* Frameworks */ = {
			isa = PBXFrameworksBuildPhase;
			buildActionMask = 0;
			files = (
				OBJ_252 /* Utility.framework in Frameworks */,
				OBJ_253 /* Basic.framework in Frameworks */,
				OBJ_254 /* POSIX.framework in Frameworks */,
				OBJ_255 /* SPMLibc.framework in Frameworks */,
				OBJ_256 /* clibc.framework in Frameworks */,
			);
			runOnlyForDeploymentPostprocessing = 0;
		};
		OBJ_286 /* Frameworks */ = {
			isa = PBXFrameworksBuildPhase;
			buildActionMask = 0;
			files = (
				OBJ_287 /* Basic.framework in Frameworks */,
				OBJ_288 /* POSIX.framework in Frameworks */,
				OBJ_289 /* SPMLibc.framework in Frameworks */,
				OBJ_290 /* clibc.framework in Frameworks */,
			);
			runOnlyForDeploymentPostprocessing = 0;
		};
		OBJ_300 /* Frameworks */ = {
			isa = PBXFrameworksBuildPhase;
			buildActionMask = 0;
			files = (
			);
			runOnlyForDeploymentPostprocessing = 0;
		};
/* End PBXFrameworksBuildPhase section */

/* Begin PBXGroup section */
		OBJ_102 /* Workspace */ = {
			isa = PBXGroup;
			children = (
			);
			name = Workspace;
			path = ".build/checkouts/swift-package-manager/Sources/Workspace";
			sourceTree = SOURCE_ROOT;
		};
		OBJ_103 /* Xcodeproj */ = {
			isa = PBXGroup;
			children = (
			);
			name = Xcodeproj;
			path = ".build/checkouts/swift-package-manager/Sources/Xcodeproj";
			sourceTree = SOURCE_ROOT;
		};
		OBJ_104 /* clibc */ = {
			isa = PBXGroup;
			children = (
				OBJ_105 /* libc.c */,
				OBJ_106 /* include */,
			);
			name = clibc;
			path = ".build/checkouts/swift-package-manager/Sources/clibc";
			sourceTree = SOURCE_ROOT;
		};
		OBJ_106 /* include */ = {
			isa = PBXGroup;
			children = (
				OBJ_107 /* clibc.h */,
				OBJ_108 /* module.modulemap */,
			);
			path = include;
			sourceTree = "<group>";
		};
		OBJ_109 /* swift-build */ = {
			isa = PBXGroup;
			children = (
			);
			name = "swift-build";
			path = ".build/checkouts/swift-package-manager/Sources/swift-build";
			sourceTree = SOURCE_ROOT;
		};
		OBJ_110 /* swift-package */ = {
			isa = PBXGroup;
			children = (
			);
			name = "swift-package";
			path = ".build/checkouts/swift-package-manager/Sources/swift-package";
			sourceTree = SOURCE_ROOT;
		};
		OBJ_111 /* swift-run */ = {
			isa = PBXGroup;
			children = (
			);
			name = "swift-run";
			path = ".build/checkouts/swift-package-manager/Sources/swift-run";
			sourceTree = SOURCE_ROOT;
		};
		OBJ_112 /* swift-test */ = {
			isa = PBXGroup;
			children = (
			);
			name = "swift-test";
			path = ".build/checkouts/swift-package-manager/Sources/swift-test";
			sourceTree = SOURCE_ROOT;
		};
		OBJ_113 /* swiftpm-xctest-helper */ = {
			isa = PBXGroup;
			children = (
			);
			name = "swiftpm-xctest-helper";
			path = ".build/checkouts/swift-package-manager/Sources/swiftpm-xctest-helper";
			sourceTree = SOURCE_ROOT;
		};
		OBJ_115 /* Products */ = {
			isa = PBXGroup;
			children = (
				"SwiftPM::SPMLibc::Product" /* SPMLibc.framework */,
				"SwiftPM::clibc::Product" /* clibc.framework */,
				"TD_Qvec_post_process::TD_Qvec_post_process::Product" /* TD_Qvec_post_process */,
				"SwiftPM::POSIX::Product" /* POSIX.framework */,
				"SwiftPM::Utility::Product" /* Utility.framework */,
				"SwiftPM::Basic::Product" /* Basic.framework */,
				"TD_Qvec_post_process::TD_Qvec_post_processTests::Product" /* TD_Qvec_post_processTests.xctest */,
			);
			name = Products;
			sourceTree = BUILT_PRODUCTS_DIR;
		};
		OBJ_13 /* Tests */ = {
			isa = PBXGroup;
			children = (
				OBJ_14 /* TD_Qvec_post_processTests */,
			);
			name = Tests;
			sourceTree = SOURCE_ROOT;
		};
		OBJ_14 /* TD_Qvec_post_processTests */ = {
			isa = PBXGroup;
			children = (
				OBJ_15 /* TD_Qvec_post_processTests.swift */,
				OBJ_16 /* XCTestManifests.swift */,
			);
			name = TD_Qvec_post_processTests;
			path = Tests/TD_Qvec_post_processTests;
			sourceTree = SOURCE_ROOT;
		};
		OBJ_17 /* Dependencies */ = {
			isa = PBXGroup;
			children = (
				OBJ_18 /* SwiftPM 0.3.0 */,
			);
			name = Dependencies;
			sourceTree = "<group>";
		};
		OBJ_18 /* SwiftPM 0.3.0 */ = {
			isa = PBXGroup;
			children = (
				OBJ_19 /* Basic */,
				OBJ_58 /* Build */,
				OBJ_59 /* Commands */,
				OBJ_60 /* POSIX */,
				OBJ_72 /* PackageDescription */,
				OBJ_73 /* PackageDescription4 */,
				OBJ_74 /* PackageGraph */,
				OBJ_75 /* PackageLoading */,
				OBJ_76 /* PackageModel */,
				OBJ_77 /* SPMLibc */,
				OBJ_79 /* SourceControl */,
				OBJ_80 /* TestSupport */,
				OBJ_81 /* TestSupportExecutable */,
				OBJ_82 /* Utility */,
				OBJ_102 /* Workspace */,
				OBJ_103 /* Xcodeproj */,
				OBJ_104 /* clibc */,
				OBJ_109 /* swift-build */,
				OBJ_110 /* swift-package */,
				OBJ_111 /* swift-run */,
				OBJ_112 /* swift-test */,
				OBJ_113 /* swiftpm-xctest-helper */,
				OBJ_114 /* Package.swift */,
			);
			name = "SwiftPM 0.3.0";
			sourceTree = SOURCE_ROOT;
		};
		OBJ_19 /* Basic */ = {
			isa = PBXGroup;
			children = (
				OBJ_20 /* Await.swift */,
				OBJ_21 /* ByteString.swift */,
				OBJ_22 /* CStringArray.swift */,
				OBJ_23 /* CacheableSequence.swift */,
				OBJ_24 /* CollectionAlgorithms.swift */,
				OBJ_25 /* CollectionExtensions.swift */,
				OBJ_26 /* Condition.swift */,
				OBJ_27 /* DeltaAlgorithm.swift */,
				OBJ_28 /* DiagnosticsEngine.swift */,
				OBJ_29 /* DictionaryExtensions.swift */,
				OBJ_30 /* DictionaryLiteralExtensions.swift */,
				OBJ_31 /* EditDistance.swift */,
				OBJ_32 /* FileSystem.swift */,
				OBJ_33 /* GraphAlgorithms.swift */,
				OBJ_34 /* JSON.swift */,
				OBJ_35 /* JSONMapper.swift */,
				OBJ_36 /* KeyedPair.swift */,
				OBJ_37 /* LazyCache.swift */,
				OBJ_38 /* Lock.swift */,
				OBJ_39 /* ObjectIdentifierProtocol.swift */,
				OBJ_40 /* OrderedDictionary.swift */,
				OBJ_41 /* OrderedSet.swift */,
				OBJ_42 /* OutputByteStream.swift */,
				OBJ_43 /* Path.swift */,
				OBJ_44 /* PathShims.swift */,
				OBJ_45 /* Process.swift */,
				OBJ_46 /* ProcessSet.swift */,
				OBJ_47 /* RegEx.swift */,
				OBJ_48 /* Result.swift */,
				OBJ_49 /* SHA256.swift */,
				OBJ_50 /* SortedArray.swift */,
				OBJ_51 /* StringConversions.swift */,
				OBJ_52 /* SynchronizedQueue.swift */,
				OBJ_53 /* TemporaryFile.swift */,
				OBJ_54 /* TerminalController.swift */,
				OBJ_55 /* Thread.swift */,
				OBJ_56 /* Tuple.swift */,
				OBJ_57 /* misc.swift */,
			);
			name = Basic;
			path = ".build/checkouts/swift-package-manager/Sources/Basic";
			sourceTree = SOURCE_ROOT;
		};
		OBJ_5 = {
			isa = PBXGroup;
			children = (
				OBJ_6 /* Package.swift */,
				OBJ_7 /* Sources */,
				OBJ_13 /* Tests */,
				OBJ_17 /* Dependencies */,
				OBJ_115 /* Products */,
				OBJ_123 /* python */,
				OBJ_124 /* Converted */,
			);
			sourceTree = "<group>";
		};
		OBJ_58 /* Build */ = {
			isa = PBXGroup;
			children = (
			);
			name = Build;
			path = ".build/checkouts/swift-package-manager/Sources/Build";
			sourceTree = SOURCE_ROOT;
		};
		OBJ_59 /* Commands */ = {
			isa = PBXGroup;
			children = (
			);
			name = Commands;
			path = ".build/checkouts/swift-package-manager/Sources/Commands";
			sourceTree = SOURCE_ROOT;
		};
		OBJ_60 /* POSIX */ = {
			isa = PBXGroup;
			children = (
				OBJ_61 /* Error.swift */,
				OBJ_62 /* chdir.swift */,
				OBJ_63 /* env.swift */,
				OBJ_64 /* exit.swift */,
				OBJ_65 /* getcwd.swift */,
				OBJ_66 /* isatty.swift */,
				OBJ_67 /* readdir.swift */,
				OBJ_68 /* realpath.swift */,
				OBJ_69 /* rename.swift */,
				OBJ_70 /* stat.swift */,
				OBJ_71 /* usleep.swift */,
			);
			name = POSIX;
			path = ".build/checkouts/swift-package-manager/Sources/POSIX";
			sourceTree = SOURCE_ROOT;
		};
		OBJ_7 /* Sources */ = {
			isa = PBXGroup;
			children = (
				OBJ_8 /* TD_Qvec_post_process */,
			);
			name = Sources;
			sourceTree = SOURCE_ROOT;
		};
		OBJ_72 /* PackageDescription */ = {
			isa = PBXGroup;
			children = (
			);
			name = PackageDescription;
			path = ".build/checkouts/swift-package-manager/Sources/PackageDescription";
			sourceTree = SOURCE_ROOT;
		};
		OBJ_73 /* PackageDescription4 */ = {
			isa = PBXGroup;
			children = (
			);
			name = PackageDescription4;
			path = ".build/checkouts/swift-package-manager/Sources/PackageDescription4";
			sourceTree = SOURCE_ROOT;
		};
		OBJ_74 /* PackageGraph */ = {
			isa = PBXGroup;
			children = (
			);
			name = PackageGraph;
			path = ".build/checkouts/swift-package-manager/Sources/PackageGraph";
			sourceTree = SOURCE_ROOT;
		};
		OBJ_75 /* PackageLoading */ = {
			isa = PBXGroup;
			children = (
			);
			name = PackageLoading;
			path = ".build/checkouts/swift-package-manager/Sources/PackageLoading";
			sourceTree = SOURCE_ROOT;
		};
		OBJ_76 /* PackageModel */ = {
			isa = PBXGroup;
			children = (
			);
			name = PackageModel;
			path = ".build/checkouts/swift-package-manager/Sources/PackageModel";
			sourceTree = SOURCE_ROOT;
		};
		OBJ_77 /* SPMLibc */ = {
			isa = PBXGroup;
			children = (
				OBJ_78 /* libc.swift */,
			);
			name = SPMLibc;
			path = ".build/checkouts/swift-package-manager/Sources/SPMLibc";
			sourceTree = SOURCE_ROOT;
		};
		OBJ_79 /* SourceControl */ = {
			isa = PBXGroup;
			children = (
			);
			name = SourceControl;
			path = ".build/checkouts/swift-package-manager/Sources/SourceControl";
			sourceTree = SOURCE_ROOT;
		};
		OBJ_8 /* TD_Qvec_post_process */ = {
			isa = PBXGroup;
			children = (
				0B5AE1232269AF3E006D21A1 /* Base_Dims.swift */,
				0B5AE1262269AF3E006D21A1 /* define_datastructures.swift */,
				0B5AE1242269AF3E006D21A1 /* define_typealias.swift */,
				0B5AE11D2269AF3E006D21A1 /* Grid_Dims.swift */,
				0B5AE1212269AF3E006D21A1 /* helper_functions.swift */,
				0B5AE1202269AF3E006D21A1 /* Inline.swift */,
				0B5AE11F2269AF3E006D21A1 /* main_Qvec_pp.swift */,
				0B5AE1222269AF3E006D21A1 /* Node_Dims.swift */,
				0B5AE1252269AF3E006D21A1 /* qvec_calculations.swift */,
				0B5AE11E2269AF3E006D21A1 /* Qvec_Dims.swift */,
				0B5AE11C2269AF3E006D21A1 /* turb_spec.swift */,
				OBJ_9 /* Input_Files_V4.swift */,
				OBJ_10 /* PostProcessing_Dims.swift */,
				OBJ_12 /* main.swift */,
			);
			name = TD_Qvec_post_process;
			path = Sources/TD_Qvec_post_process;
			sourceTree = SOURCE_ROOT;
		};
		OBJ_80 /* TestSupport */ = {
			isa = PBXGroup;
			children = (
			);
			name = TestSupport;
			path = ".build/checkouts/swift-package-manager/Sources/TestSupport";
			sourceTree = SOURCE_ROOT;
		};
		OBJ_81 /* TestSupportExecutable */ = {
			isa = PBXGroup;
			children = (
			);
			name = TestSupportExecutable;
			path = ".build/checkouts/swift-package-manager/Sources/TestSupportExecutable";
			sourceTree = SOURCE_ROOT;
		};
		OBJ_82 /* Utility */ = {
			isa = PBXGroup;
			children = (
				OBJ_83 /* ArgumentParser.swift */,
				OBJ_84 /* ArgumentParserShellCompletion.swift */,
				OBJ_85 /* BuildFlags.swift */,
				OBJ_86 /* CollectionExtensions.swift */,
				OBJ_87 /* Diagnostics.swift */,
				OBJ_88 /* Git.swift */,
				OBJ_89 /* InterruptHandler.swift */,
				OBJ_90 /* PkgConfig.swift */,
				OBJ_91 /* Platform.swift */,
				OBJ_92 /* Process.swift */,
				OBJ_93 /* ProgressBar.swift */,
				OBJ_94 /* SimplePersistence.swift */,
				OBJ_95 /* StringExtensions.swift */,
				OBJ_96 /* StringMangling.swift */,
				OBJ_97 /* URL.swift */,
				OBJ_98 /* Verbosity.swift */,
				OBJ_99 /* Version.swift */,
				OBJ_100 /* Versioning.swift */,
				OBJ_101 /* misc.swift */,
			);
			name = Utility;
			path = ".build/checkouts/swift-package-manager/Sources/Utility";
			sourceTree = SOURCE_ROOT;
		};
/* End PBXGroup section */

/* Begin PBXNativeTarget section */
		"SwiftPM::Basic" /* Basic */ = {
			isa = PBXNativeTarget;
			buildConfigurationList = OBJ_126 /* Build configuration list for PBXNativeTarget "Basic" */;
			buildPhases = (
				OBJ_129 /* Sources */,
				OBJ_168 /* Frameworks */,
			);
			buildRules = (
			);
			dependencies = (
				OBJ_172 /* PBXTargetDependency */,
				OBJ_174 /* PBXTargetDependency */,
				OBJ_176 /* PBXTargetDependency */,
			);
			name = Basic;
			productName = Basic;
			productReference = "SwiftPM::Basic::Product" /* Basic.framework */;
			productType = "com.apple.product-type.framework";
		};
		"SwiftPM::POSIX" /* POSIX */ = {
			isa = PBXNativeTarget;
			buildConfigurationList = OBJ_178 /* Build configuration list for PBXNativeTarget "POSIX" */;
			buildPhases = (
				OBJ_181 /* Sources */,
				OBJ_193 /* Frameworks */,
			);
			buildRules = (
			);
			dependencies = (
				OBJ_196 /* PBXTargetDependency */,
				OBJ_197 /* PBXTargetDependency */,
			);
			name = POSIX;
			productName = POSIX;
			productReference = "SwiftPM::POSIX::Product" /* POSIX.framework */;
			productType = "com.apple.product-type.framework";
		};
		"SwiftPM::SPMLibc" /* SPMLibc */ = {
			isa = PBXNativeTarget;
			buildConfigurationList = OBJ_198 /* Build configuration list for PBXNativeTarget "SPMLibc" */;
			buildPhases = (
				OBJ_201 /* Sources */,
				OBJ_203 /* Frameworks */,
			);
			buildRules = (
			);
			dependencies = (
				OBJ_205 /* PBXTargetDependency */,
			);
			name = SPMLibc;
			productName = SPMLibc;
			productReference = "SwiftPM::SPMLibc::Product" /* SPMLibc.framework */;
			productType = "com.apple.product-type.framework";
		};
		"SwiftPM::SwiftPMPackageDescription" /* SwiftPMPackageDescription */ = {
			isa = PBXNativeTarget;
			buildConfigurationList = OBJ_207 /* Build configuration list for PBXNativeTarget "SwiftPMPackageDescription" */;
			buildPhases = (
				OBJ_210 /* Sources */,
			);
			buildRules = (
			);
			dependencies = (
			);
			name = SwiftPMPackageDescription;
			productName = SwiftPMPackageDescription;
			productType = "com.apple.product-type.framework";
		};
		"SwiftPM::Utility" /* Utility */ = {
			isa = PBXNativeTarget;
			buildConfigurationList = OBJ_263 /* Build configuration list for PBXNativeTarget "Utility" */;
			buildPhases = (
				OBJ_266 /* Sources */,
				OBJ_286 /* Frameworks */,
			);
			buildRules = (
			);
			dependencies = (
				OBJ_291 /* PBXTargetDependency */,
				OBJ_292 /* PBXTargetDependency */,
				OBJ_293 /* PBXTargetDependency */,
				OBJ_294 /* PBXTargetDependency */,
			);
			name = Utility;
			productName = Utility;
			productReference = "SwiftPM::Utility::Product" /* Utility.framework */;
			productType = "com.apple.product-type.framework";
		};
		"SwiftPM::clibc" /* clibc */ = {
			isa = PBXNativeTarget;
			buildConfigurationList = OBJ_295 /* Build configuration list for PBXNativeTarget "clibc" */;
			buildPhases = (
				OBJ_298 /* Sources */,
				OBJ_300 /* Frameworks */,
			);
			buildRules = (
			);
			dependencies = (
			);
			name = clibc;
			productName = clibc;
			productReference = "SwiftPM::clibc::Product" /* clibc.framework */;
			productType = "com.apple.product-type.framework";
		};
		"TD_Qvec_post_process::SwiftPMPackageDescription" /* TD_Qvec_post_processPackageDescription */ = {
			isa = PBXNativeTarget;
			buildConfigurationList = OBJ_234 /* Build configuration list for PBXNativeTarget "TD_Qvec_post_processPackageDescription" */;
			buildPhases = (
				OBJ_237 /* Sources */,
			);
			buildRules = (
			);
			dependencies = (
			);
			name = TD_Qvec_post_processPackageDescription;
			productName = TD_Qvec_post_processPackageDescription;
			productType = "com.apple.product-type.framework";
		};
		"TD_Qvec_post_process::TD_Qvec_post_process" /* TD_Qvec_post_process */ = {
			isa = PBXNativeTarget;
			buildConfigurationList = OBJ_213 /* Build configuration list for PBXNativeTarget "TD_Qvec_post_process" */;
			buildPhases = (
				OBJ_216 /* Sources */,
				OBJ_221 /* Frameworks */,
			);
			buildRules = (
			);
			dependencies = (
				OBJ_227 /* PBXTargetDependency */,
				OBJ_229 /* PBXTargetDependency */,
				OBJ_230 /* PBXTargetDependency */,
				OBJ_231 /* PBXTargetDependency */,
				OBJ_232 /* PBXTargetDependency */,
			);
			name = TD_Qvec_post_process;
			productName = TD_Qvec_post_process;
			productReference = "TD_Qvec_post_process::TD_Qvec_post_process::Product" /* TD_Qvec_post_process */;
			productType = "com.apple.product-type.tool";
		};
		"TD_Qvec_post_process::TD_Qvec_post_processTests" /* TD_Qvec_post_processTests */ = {
			isa = PBXNativeTarget;
			buildConfigurationList = OBJ_245 /* Build configuration list for PBXNativeTarget "TD_Qvec_post_processTests" */;
			buildPhases = (
				OBJ_248 /* Sources */,
				OBJ_251 /* Frameworks */,
			);
			buildRules = (
			);
			dependencies = (
				OBJ_257 /* PBXTargetDependency */,
				OBJ_258 /* PBXTargetDependency */,
				OBJ_259 /* PBXTargetDependency */,
				OBJ_260 /* PBXTargetDependency */,
				OBJ_261 /* PBXTargetDependency */,
				OBJ_262 /* PBXTargetDependency */,
			);
			name = TD_Qvec_post_processTests;
			productName = TD_Qvec_post_processTests;
			productReference = "TD_Qvec_post_process::TD_Qvec_post_processTests::Product" /* TD_Qvec_post_processTests.xctest */;
			productType = "com.apple.product-type.bundle.unit-test";
		};
/* End PBXNativeTarget section */

/* Begin PBXProject section */
		OBJ_1 /* Project object */ = {
			isa = PBXProject;
			attributes = {
				LastSwiftMigration = 9999;
				LastUpgradeCheck = 9999;
				TargetAttributes = {
					"TD_Qvec_post_process::TD_Qvec_post_process" = {
						LastSwiftMigration = 1020;
					};
				};
			};
			buildConfigurationList = OBJ_2 /* Build configuration list for PBXProject "TD_Qvec_post_process" */;
			compatibilityVersion = "Xcode 3.2";
			developmentRegion = English;
			hasScannedForEncodings = 0;
			knownRegions = (
				English,
				en,
			);
			mainGroup = OBJ_5;
			productRefGroup = OBJ_115 /* Products */;
			projectDirPath = "";
			projectRoot = "";
			targets = (
				"SwiftPM::Basic" /* Basic */,
				"SwiftPM::POSIX" /* POSIX */,
				"SwiftPM::SPMLibc" /* SPMLibc */,
				"SwiftPM::SwiftPMPackageDescription" /* SwiftPMPackageDescription */,
				"TD_Qvec_post_process::TD_Qvec_post_process" /* TD_Qvec_post_process */,
				"TD_Qvec_post_process::SwiftPMPackageDescription" /* TD_Qvec_post_processPackageDescription */,
				"TD_Qvec_post_process::TD_Qvec_post_processPackageTests::ProductTarget" /* TD_Qvec_post_processPackageTests */,
				"TD_Qvec_post_process::TD_Qvec_post_processTests" /* TD_Qvec_post_processTests */,
				"SwiftPM::Utility" /* Utility */,
				"SwiftPM::clibc" /* clibc */,
			);
		};
/* End PBXProject section */

/* Begin PBXSourcesBuildPhase section */
		OBJ_129 /* Sources */ = {
			isa = PBXSourcesBuildPhase;
			buildActionMask = 0;
			files = (
				OBJ_130 /* Await.swift in Sources */,
				OBJ_131 /* ByteString.swift in Sources */,
				OBJ_132 /* CStringArray.swift in Sources */,
				OBJ_133 /* CacheableSequence.swift in Sources */,
				OBJ_134 /* CollectionAlgorithms.swift in Sources */,
				OBJ_135 /* CollectionExtensions.swift in Sources */,
				OBJ_136 /* Condition.swift in Sources */,
				OBJ_137 /* DeltaAlgorithm.swift in Sources */,
				OBJ_138 /* DiagnosticsEngine.swift in Sources */,
				OBJ_139 /* DictionaryExtensions.swift in Sources */,
				OBJ_140 /* DictionaryLiteralExtensions.swift in Sources */,
				OBJ_141 /* EditDistance.swift in Sources */,
				OBJ_142 /* FileSystem.swift in Sources */,
				OBJ_143 /* GraphAlgorithms.swift in Sources */,
				OBJ_144 /* JSON.swift in Sources */,
				OBJ_145 /* JSONMapper.swift in Sources */,
				OBJ_146 /* KeyedPair.swift in Sources */,
				OBJ_147 /* LazyCache.swift in Sources */,
				OBJ_148 /* Lock.swift in Sources */,
				OBJ_149 /* ObjectIdentifierProtocol.swift in Sources */,
				OBJ_150 /* OrderedDictionary.swift in Sources */,
				OBJ_151 /* OrderedSet.swift in Sources */,
				OBJ_152 /* OutputByteStream.swift in Sources */,
				OBJ_153 /* Path.swift in Sources */,
				OBJ_154 /* PathShims.swift in Sources */,
				OBJ_155 /* Process.swift in Sources */,
				OBJ_156 /* ProcessSet.swift in Sources */,
				OBJ_157 /* RegEx.swift in Sources */,
				OBJ_158 /* Result.swift in Sources */,
				OBJ_159 /* SHA256.swift in Sources */,
				OBJ_160 /* SortedArray.swift in Sources */,
				OBJ_161 /* StringConversions.swift in Sources */,
				OBJ_162 /* SynchronizedQueue.swift in Sources */,
				OBJ_163 /* TemporaryFile.swift in Sources */,
				OBJ_164 /* TerminalController.swift in Sources */,
				OBJ_165 /* Thread.swift in Sources */,
				OBJ_166 /* Tuple.swift in Sources */,
				OBJ_167 /* misc.swift in Sources */,
			);
			runOnlyForDeploymentPostprocessing = 0;
		};
		OBJ_181 /* Sources */ = {
			isa = PBXSourcesBuildPhase;
			buildActionMask = 0;
			files = (
				OBJ_182 /* Error.swift in Sources */,
				OBJ_183 /* chdir.swift in Sources */,
				OBJ_184 /* env.swift in Sources */,
				OBJ_185 /* exit.swift in Sources */,
				OBJ_186 /* getcwd.swift in Sources */,
				OBJ_187 /* isatty.swift in Sources */,
				OBJ_188 /* readdir.swift in Sources */,
				OBJ_189 /* realpath.swift in Sources */,
				OBJ_190 /* rename.swift in Sources */,
				OBJ_191 /* stat.swift in Sources */,
				OBJ_192 /* usleep.swift in Sources */,
			);
			runOnlyForDeploymentPostprocessing = 0;
		};
		OBJ_201 /* Sources */ = {
			isa = PBXSourcesBuildPhase;
			buildActionMask = 0;
			files = (
				OBJ_202 /* libc.swift in Sources */,
			);
			runOnlyForDeploymentPostprocessing = 0;
		};
		OBJ_210 /* Sources */ = {
			isa = PBXSourcesBuildPhase;
			buildActionMask = 0;
			files = (
				OBJ_211 /* Package.swift in Sources */,
			);
			runOnlyForDeploymentPostprocessing = 0;
		};
		OBJ_216 /* Sources */ = {
			isa = PBXSourcesBuildPhase;
			buildActionMask = 0;
			files = (
				0B5AE1302269AF3E006D21A1 /* qvec_calculations.swift in Sources */,
				0B5AE1332269B049006D21A1 /* main.swift in Sources */,
				0B5AE12D2269AF3E006D21A1 /* Node_Dims.swift in Sources */,
				0B5AE1322269B040006D21A1 /* Input_Files_V4.swift in Sources */,
				0B5AE12F2269AF3E006D21A1 /* define_typealias.swift in Sources */,
				0B5AE12E2269AF3E006D21A1 /* Base_Dims.swift in Sources */,
				0B5AE1292269AF3E006D21A1 /* Qvec_Dims.swift in Sources */,
				0B5AE1282269AF3E006D21A1 /* Grid_Dims.swift in Sources */,
				0B5AE1272269AF3E006D21A1 /* turb_spec.swift in Sources */,
				0B5AE12B2269AF3E006D21A1 /* Inline.swift in Sources */,
				0B5AE1312269AF3E006D21A1 /* define_datastructures.swift in Sources */,
				0B5AE1342269B04E006D21A1 /* PostProcessing_Dims.swift in Sources */,
				0B5AE12A2269AF3E006D21A1 /* main_Qvec_pp.swift in Sources */,
				0B5AE12C2269AF3E006D21A1 /* helper_functions.swift in Sources */,
			);
			runOnlyForDeploymentPostprocessing = 0;
		};
		OBJ_237 /* Sources */ = {
			isa = PBXSourcesBuildPhase;
			buildActionMask = 0;
			files = (
				OBJ_238 /* Package.swift in Sources */,
			);
			runOnlyForDeploymentPostprocessing = 0;
		};
		OBJ_248 /* Sources */ = {
			isa = PBXSourcesBuildPhase;
			buildActionMask = 0;
			files = (
				OBJ_249 /* TD_Qvec_post_processTests.swift in Sources */,
				OBJ_250 /* XCTestManifests.swift in Sources */,
			);
			runOnlyForDeploymentPostprocessing = 0;
		};
		OBJ_266 /* Sources */ = {
			isa = PBXSourcesBuildPhase;
			buildActionMask = 0;
			files = (
				OBJ_267 /* ArgumentParser.swift in Sources */,
				OBJ_268 /* ArgumentParserShellCompletion.swift in Sources */,
				OBJ_269 /* BuildFlags.swift in Sources */,
				OBJ_270 /* CollectionExtensions.swift in Sources */,
				OBJ_271 /* Diagnostics.swift in Sources */,
				OBJ_272 /* Git.swift in Sources */,
				OBJ_273 /* InterruptHandler.swift in Sources */,
				OBJ_274 /* PkgConfig.swift in Sources */,
				OBJ_275 /* Platform.swift in Sources */,
				OBJ_276 /* Process.swift in Sources */,
				OBJ_277 /* ProgressBar.swift in Sources */,
				OBJ_278 /* SimplePersistence.swift in Sources */,
				OBJ_279 /* StringExtensions.swift in Sources */,
				OBJ_280 /* StringMangling.swift in Sources */,
				OBJ_281 /* URL.swift in Sources */,
				OBJ_282 /* Verbosity.swift in Sources */,
				OBJ_283 /* Version.swift in Sources */,
				OBJ_284 /* Versioning.swift in Sources */,
				OBJ_285 /* misc.swift in Sources */,
			);
			runOnlyForDeploymentPostprocessing = 0;
		};
		OBJ_298 /* Sources */ = {
			isa = PBXSourcesBuildPhase;
			buildActionMask = 0;
			files = (
				OBJ_299 /* libc.c in Sources */,
			);
			runOnlyForDeploymentPostprocessing = 0;
		};
/* End PBXSourcesBuildPhase section */

/* Begin PBXTargetDependency section */
		OBJ_172 /* PBXTargetDependency */ = {
			isa = PBXTargetDependency;
			target = "SwiftPM::POSIX" /* POSIX */;
			targetProxy = 0B5AE0E9226701B4006D21A1 /* PBXContainerItemProxy */;
		};
		OBJ_174 /* PBXTargetDependency */ = {
			isa = PBXTargetDependency;
			target = "SwiftPM::SPMLibc" /* SPMLibc */;
			targetProxy = 0B5AE0ED226701B4006D21A1 /* PBXContainerItemProxy */;
		};
		OBJ_176 /* PBXTargetDependency */ = {
			isa = PBXTargetDependency;
			target = "SwiftPM::clibc" /* clibc */;
			targetProxy = 0B5AE0EE226701B4006D21A1 /* PBXContainerItemProxy */;
		};
		OBJ_196 /* PBXTargetDependency */ = {
			isa = PBXTargetDependency;
			target = "SwiftPM::SPMLibc" /* SPMLibc */;
			targetProxy = 0B5AE0EA226701B4006D21A1 /* PBXContainerItemProxy */;
		};
		OBJ_197 /* PBXTargetDependency */ = {
			isa = PBXTargetDependency;
			target = "SwiftPM::clibc" /* clibc */;
			targetProxy = 0B5AE0EC226701B4006D21A1 /* PBXContainerItemProxy */;
		};
		OBJ_205 /* PBXTargetDependency */ = {
			isa = PBXTargetDependency;
			target = "SwiftPM::clibc" /* clibc */;
			targetProxy = 0B5AE0EB226701B4006D21A1 /* PBXContainerItemProxy */;
		};
		OBJ_227 /* PBXTargetDependency */ = {
			isa = PBXTargetDependency;
			target = "SwiftPM::Utility" /* Utility */;
			targetProxy = 0B5AE0E7226701B4006D21A1 /* PBXContainerItemProxy */;
		};
		OBJ_229 /* PBXTargetDependency */ = {
			isa = PBXTargetDependency;
			target = "SwiftPM::Basic" /* Basic */;
			targetProxy = 0B5AE0F2226701B4006D21A1 /* PBXContainerItemProxy */;
		};
		OBJ_230 /* PBXTargetDependency */ = {
			isa = PBXTargetDependency;
			target = "SwiftPM::POSIX" /* POSIX */;
			targetProxy = 0B5AE0F3226701B4006D21A1 /* PBXContainerItemProxy */;
		};
		OBJ_231 /* PBXTargetDependency */ = {
			isa = PBXTargetDependency;
			target = "SwiftPM::SPMLibc" /* SPMLibc */;
			targetProxy = 0B5AE0F4226701B4006D21A1 /* PBXContainerItemProxy */;
		};
		OBJ_232 /* PBXTargetDependency */ = {
			isa = PBXTargetDependency;
			target = "SwiftPM::clibc" /* clibc */;
			targetProxy = 0B5AE0F5226701B4006D21A1 /* PBXContainerItemProxy */;
		};
		OBJ_243 /* PBXTargetDependency */ = {
			isa = PBXTargetDependency;
			target = "TD_Qvec_post_process::TD_Qvec_post_processTests" /* TD_Qvec_post_processTests */;
			targetProxy = 0B5AE0FC226701B6006D21A1 /* PBXContainerItemProxy */;
		};
		OBJ_257 /* PBXTargetDependency */ = {
			isa = PBXTargetDependency;
			target = "TD_Qvec_post_process::TD_Qvec_post_process" /* TD_Qvec_post_process */;
			targetProxy = 0B5AE0F6226701B4006D21A1 /* PBXContainerItemProxy */;
		};
		OBJ_258 /* PBXTargetDependency */ = {
			isa = PBXTargetDependency;
			target = "SwiftPM::Utility" /* Utility */;
			targetProxy = 0B5AE0F7226701B4006D21A1 /* PBXContainerItemProxy */;
		};
		OBJ_259 /* PBXTargetDependency */ = {
			isa = PBXTargetDependency;
			target = "SwiftPM::Basic" /* Basic */;
			targetProxy = 0B5AE0F8226701B4006D21A1 /* PBXContainerItemProxy */;
		};
		OBJ_260 /* PBXTargetDependency */ = {
			isa = PBXTargetDependency;
			target = "SwiftPM::POSIX" /* POSIX */;
			targetProxy = 0B5AE0F9226701B4006D21A1 /* PBXContainerItemProxy */;
		};
		OBJ_261 /* PBXTargetDependency */ = {
			isa = PBXTargetDependency;
			target = "SwiftPM::SPMLibc" /* SPMLibc */;
			targetProxy = 0B5AE0FA226701B4006D21A1 /* PBXContainerItemProxy */;
		};
		OBJ_262 /* PBXTargetDependency */ = {
			isa = PBXTargetDependency;
			target = "SwiftPM::clibc" /* clibc */;
			targetProxy = 0B5AE0FB226701B4006D21A1 /* PBXContainerItemProxy */;
		};
		OBJ_291 /* PBXTargetDependency */ = {
			isa = PBXTargetDependency;
			target = "SwiftPM::Basic" /* Basic */;
			targetProxy = 0B5AE0E8226701B4006D21A1 /* PBXContainerItemProxy */;
		};
		OBJ_292 /* PBXTargetDependency */ = {
			isa = PBXTargetDependency;
			target = "SwiftPM::POSIX" /* POSIX */;
			targetProxy = 0B5AE0EF226701B4006D21A1 /* PBXContainerItemProxy */;
		};
		OBJ_293 /* PBXTargetDependency */ = {
			isa = PBXTargetDependency;
			target = "SwiftPM::SPMLibc" /* SPMLibc */;
			targetProxy = 0B5AE0F0226701B4006D21A1 /* PBXContainerItemProxy */;
		};
		OBJ_294 /* PBXTargetDependency */ = {
			isa = PBXTargetDependency;
			target = "SwiftPM::clibc" /* clibc */;
			targetProxy = 0B5AE0F1226701B4006D21A1 /* PBXContainerItemProxy */;
		};
/* End PBXTargetDependency section */

/* Begin XCBuildConfiguration section */
		OBJ_127 /* Debug */ = {
			isa = XCBuildConfiguration;
			buildSettings = {
				ENABLE_TESTABILITY = YES;
				FRAMEWORK_SEARCH_PATHS = (
					"$(inherited)",
					"$(PLATFORM_DIR)/Developer/Library/Frameworks",
				);
				HEADER_SEARCH_PATHS = (
					"$(inherited)",
					"$(SRCROOT)/.build/checkouts/swift-package-manager/Sources/clibc/include",
				);
				INFOPLIST_FILE = TD_Qvec_post_process.xcodeproj/Basic_Info.plist;
				LD_RUNPATH_SEARCH_PATHS = "$(inherited) $(TOOLCHAIN_DIR)/usr/lib/swift/macosx";
				OTHER_CFLAGS = "$(inherited)";
				OTHER_LDFLAGS = "$(inherited)";
				OTHER_SWIFT_FLAGS = "$(inherited) -Xcc -fmodule-map-file=$(SRCROOT)/.build/checkouts/swift-package-manager/Sources/clibc/include/module.modulemap";
				PRODUCT_BUNDLE_IDENTIFIER = Basic;
				PRODUCT_MODULE_NAME = "$(TARGET_NAME:c99extidentifier)";
				PRODUCT_NAME = "$(TARGET_NAME:c99extidentifier)";
				SKIP_INSTALL = YES;
				SWIFT_ACTIVE_COMPILATION_CONDITIONS = "$(inherited)";
				SWIFT_VERSION = 4.0;
				TARGET_NAME = Basic;
			};
			name = Debug;
		};
		OBJ_128 /* Release */ = {
			isa = XCBuildConfiguration;
			buildSettings = {
				ENABLE_TESTABILITY = YES;
				FRAMEWORK_SEARCH_PATHS = (
					"$(inherited)",
					"$(PLATFORM_DIR)/Developer/Library/Frameworks",
				);
				HEADER_SEARCH_PATHS = (
					"$(inherited)",
					"$(SRCROOT)/.build/checkouts/swift-package-manager/Sources/clibc/include",
				);
				INFOPLIST_FILE = TD_Qvec_post_process.xcodeproj/Basic_Info.plist;
				LD_RUNPATH_SEARCH_PATHS = "$(inherited) $(TOOLCHAIN_DIR)/usr/lib/swift/macosx";
				OTHER_CFLAGS = "$(inherited)";
				OTHER_LDFLAGS = "$(inherited)";
				OTHER_SWIFT_FLAGS = "$(inherited) -Xcc -fmodule-map-file=$(SRCROOT)/.build/checkouts/swift-package-manager/Sources/clibc/include/module.modulemap";
				PRODUCT_BUNDLE_IDENTIFIER = Basic;
				PRODUCT_MODULE_NAME = "$(TARGET_NAME:c99extidentifier)";
				PRODUCT_NAME = "$(TARGET_NAME:c99extidentifier)";
				SKIP_INSTALL = YES;
				SWIFT_ACTIVE_COMPILATION_CONDITIONS = "$(inherited)";
				SWIFT_VERSION = 4.0;
				TARGET_NAME = Basic;
			};
			name = Release;
		};
		OBJ_179 /* Debug */ = {
			isa = XCBuildConfiguration;
			buildSettings = {
				ENABLE_TESTABILITY = YES;
				FRAMEWORK_SEARCH_PATHS = (
					"$(inherited)",
					"$(PLATFORM_DIR)/Developer/Library/Frameworks",
				);
				HEADER_SEARCH_PATHS = (
					"$(inherited)",
					"$(SRCROOT)/.build/checkouts/swift-package-manager/Sources/clibc/include",
				);
				INFOPLIST_FILE = TD_Qvec_post_process.xcodeproj/POSIX_Info.plist;
				LD_RUNPATH_SEARCH_PATHS = "$(inherited) $(TOOLCHAIN_DIR)/usr/lib/swift/macosx";
				OTHER_CFLAGS = "$(inherited)";
				OTHER_LDFLAGS = "$(inherited)";
				OTHER_SWIFT_FLAGS = "$(inherited) -Xcc -fmodule-map-file=$(SRCROOT)/.build/checkouts/swift-package-manager/Sources/clibc/include/module.modulemap";
				PRODUCT_BUNDLE_IDENTIFIER = POSIX;
				PRODUCT_MODULE_NAME = "$(TARGET_NAME:c99extidentifier)";
				PRODUCT_NAME = "$(TARGET_NAME:c99extidentifier)";
				SKIP_INSTALL = YES;
				SWIFT_ACTIVE_COMPILATION_CONDITIONS = "$(inherited)";
				SWIFT_VERSION = 4.0;
				TARGET_NAME = POSIX;
			};
			name = Debug;
		};
		OBJ_180 /* Release */ = {
			isa = XCBuildConfiguration;
			buildSettings = {
				ENABLE_TESTABILITY = YES;
				FRAMEWORK_SEARCH_PATHS = (
					"$(inherited)",
					"$(PLATFORM_DIR)/Developer/Library/Frameworks",
				);
				HEADER_SEARCH_PATHS = (
					"$(inherited)",
					"$(SRCROOT)/.build/checkouts/swift-package-manager/Sources/clibc/include",
				);
				INFOPLIST_FILE = TD_Qvec_post_process.xcodeproj/POSIX_Info.plist;
				LD_RUNPATH_SEARCH_PATHS = "$(inherited) $(TOOLCHAIN_DIR)/usr/lib/swift/macosx";
				OTHER_CFLAGS = "$(inherited)";
				OTHER_LDFLAGS = "$(inherited)";
				OTHER_SWIFT_FLAGS = "$(inherited) -Xcc -fmodule-map-file=$(SRCROOT)/.build/checkouts/swift-package-manager/Sources/clibc/include/module.modulemap";
				PRODUCT_BUNDLE_IDENTIFIER = POSIX;
				PRODUCT_MODULE_NAME = "$(TARGET_NAME:c99extidentifier)";
				PRODUCT_NAME = "$(TARGET_NAME:c99extidentifier)";
				SKIP_INSTALL = YES;
				SWIFT_ACTIVE_COMPILATION_CONDITIONS = "$(inherited)";
				SWIFT_VERSION = 4.0;
				TARGET_NAME = POSIX;
			};
			name = Release;
		};
		OBJ_199 /* Debug */ = {
			isa = XCBuildConfiguration;
			buildSettings = {
				ENABLE_TESTABILITY = YES;
				FRAMEWORK_SEARCH_PATHS = (
					"$(inherited)",
					"$(PLATFORM_DIR)/Developer/Library/Frameworks",
				);
				HEADER_SEARCH_PATHS = (
					"$(inherited)",
					"$(SRCROOT)/.build/checkouts/swift-package-manager/Sources/clibc/include",
				);
				INFOPLIST_FILE = TD_Qvec_post_process.xcodeproj/SPMLibc_Info.plist;
				LD_RUNPATH_SEARCH_PATHS = "$(inherited) $(TOOLCHAIN_DIR)/usr/lib/swift/macosx";
				OTHER_CFLAGS = "$(inherited)";
				OTHER_LDFLAGS = "$(inherited)";
				OTHER_SWIFT_FLAGS = "$(inherited) -Xcc -fmodule-map-file=$(SRCROOT)/.build/checkouts/swift-package-manager/Sources/clibc/include/module.modulemap";
				PRODUCT_BUNDLE_IDENTIFIER = SPMLibc;
				PRODUCT_MODULE_NAME = "$(TARGET_NAME:c99extidentifier)";
				PRODUCT_NAME = "$(TARGET_NAME:c99extidentifier)";
				SKIP_INSTALL = YES;
				SWIFT_ACTIVE_COMPILATION_CONDITIONS = "$(inherited)";
				SWIFT_VERSION = 4.0;
				TARGET_NAME = SPMLibc;
			};
			name = Debug;
		};
		OBJ_200 /* Release */ = {
			isa = XCBuildConfiguration;
			buildSettings = {
				ENABLE_TESTABILITY = YES;
				FRAMEWORK_SEARCH_PATHS = (
					"$(inherited)",
					"$(PLATFORM_DIR)/Developer/Library/Frameworks",
				);
				HEADER_SEARCH_PATHS = (
					"$(inherited)",
					"$(SRCROOT)/.build/checkouts/swift-package-manager/Sources/clibc/include",
				);
				INFOPLIST_FILE = TD_Qvec_post_process.xcodeproj/SPMLibc_Info.plist;
				LD_RUNPATH_SEARCH_PATHS = "$(inherited) $(TOOLCHAIN_DIR)/usr/lib/swift/macosx";
				OTHER_CFLAGS = "$(inherited)";
				OTHER_LDFLAGS = "$(inherited)";
				OTHER_SWIFT_FLAGS = "$(inherited) -Xcc -fmodule-map-file=$(SRCROOT)/.build/checkouts/swift-package-manager/Sources/clibc/include/module.modulemap";
				PRODUCT_BUNDLE_IDENTIFIER = SPMLibc;
				PRODUCT_MODULE_NAME = "$(TARGET_NAME:c99extidentifier)";
				PRODUCT_NAME = "$(TARGET_NAME:c99extidentifier)";
				SKIP_INSTALL = YES;
				SWIFT_ACTIVE_COMPILATION_CONDITIONS = "$(inherited)";
				SWIFT_VERSION = 4.0;
				TARGET_NAME = SPMLibc;
			};
			name = Release;
		};
		OBJ_208 /* Debug */ = {
			isa = XCBuildConfiguration;
			buildSettings = {
				LD = /usr/bin/true;
				OTHER_SWIFT_FLAGS = "-swift-version 4 -I $(TOOLCHAIN_DIR)/usr/lib/swift/pm/4 -target x86_64-apple-macosx10.10 -sdk /Volumes/Macintosh-HD/Xcode 10.2.app/Contents/Developer/Platforms/MacOSX.platform/Developer/SDKs/MacOSX10.14.sdk";
				SWIFT_VERSION = 4.0;
			};
			name = Debug;
		};
		OBJ_209 /* Release */ = {
			isa = XCBuildConfiguration;
			buildSettings = {
				LD = /usr/bin/true;
				OTHER_SWIFT_FLAGS = "-swift-version 4 -I $(TOOLCHAIN_DIR)/usr/lib/swift/pm/4 -target x86_64-apple-macosx10.10 -sdk /Volumes/Macintosh-HD/Xcode 10.2.app/Contents/Developer/Platforms/MacOSX.platform/Developer/SDKs/MacOSX10.14.sdk";
				SWIFT_VERSION = 4.0;
			};
			name = Release;
		};
		OBJ_214 /* Debug */ = {
			isa = XCBuildConfiguration;
			buildSettings = {
				CLANG_ENABLE_MODULES = YES;
				FRAMEWORK_SEARCH_PATHS = (
					"$(inherited)",
					"$(PLATFORM_DIR)/Developer/Library/Frameworks",
				);
				HEADER_SEARCH_PATHS = (
					"$(inherited)",
					"$(SRCROOT)/.build/checkouts/swift-package-manager/Sources/clibc/include",
				);
				INFOPLIST_FILE = TD_Qvec_post_process.xcodeproj/TD_Qvec_post_process_Info.plist;
				IPHONEOS_DEPLOYMENT_TARGET = 8.0;
				LD_RUNPATH_SEARCH_PATHS = "$(inherited) $(TOOLCHAIN_DIR)/usr/lib/swift/macosx @executable_path";
				MACOSX_DEPLOYMENT_TARGET = 10.10;
				OTHER_CFLAGS = "$(inherited)";
				OTHER_LDFLAGS = "$(inherited)";
				OTHER_SWIFT_FLAGS = "$(inherited) -Xcc -fmodule-map-file=$(SRCROOT)/.build/checkouts/swift-package-manager/Sources/clibc/include/module.modulemap";
				SWIFT_ACTIVE_COMPILATION_CONDITIONS = "$(inherited)";
				SWIFT_FORCE_DYNAMIC_LINK_STDLIB = YES;
				SWIFT_FORCE_STATIC_LINK_STDLIB = NO;
				SWIFT_OPTIMIZATION_LEVEL = "-Onone";
				SWIFT_VERSION = 5.0;
				TARGET_NAME = TD_Qvec_post_process;
				TVOS_DEPLOYMENT_TARGET = 9.0;
				WATCHOS_DEPLOYMENT_TARGET = 2.0;
			};
			name = Debug;
		};
		OBJ_215 /* Release */ = {
			isa = XCBuildConfiguration;
			buildSettings = {
				CLANG_ENABLE_MODULES = YES;
				FRAMEWORK_SEARCH_PATHS = (
					"$(inherited)",
					"$(PLATFORM_DIR)/Developer/Library/Frameworks",
				);
				HEADER_SEARCH_PATHS = (
					"$(inherited)",
					"$(SRCROOT)/.build/checkouts/swift-package-manager/Sources/clibc/include",
				);
				INFOPLIST_FILE = TD_Qvec_post_process.xcodeproj/TD_Qvec_post_process_Info.plist;
				IPHONEOS_DEPLOYMENT_TARGET = 8.0;
				LD_RUNPATH_SEARCH_PATHS = "$(inherited) $(TOOLCHAIN_DIR)/usr/lib/swift/macosx @executable_path";
				MACOSX_DEPLOYMENT_TARGET = 10.10;
				OTHER_CFLAGS = "$(inherited)";
				OTHER_LDFLAGS = "$(inherited)";
				OTHER_SWIFT_FLAGS = "$(inherited) -Xcc -fmodule-map-file=$(SRCROOT)/.build/checkouts/swift-package-manager/Sources/clibc/include/module.modulemap";
				SWIFT_ACTIVE_COMPILATION_CONDITIONS = "$(inherited)";
				SWIFT_FORCE_DYNAMIC_LINK_STDLIB = YES;
				SWIFT_FORCE_STATIC_LINK_STDLIB = NO;
				SWIFT_VERSION = 5.0;
				TARGET_NAME = TD_Qvec_post_process;
				TVOS_DEPLOYMENT_TARGET = 9.0;
				WATCHOS_DEPLOYMENT_TARGET = 2.0;
			};
			name = Release;
		};
		OBJ_235 /* Debug */ = {
			isa = XCBuildConfiguration;
			buildSettings = {
				LD = /usr/bin/true;
				OTHER_SWIFT_FLAGS = "-swift-version 5 -I $(TOOLCHAIN_DIR)/usr/lib/swift/pm/4_2 -target x86_64-apple-macosx10.10 -sdk /Volumes/Macintosh-HD/Xcode 10.2.app/Contents/Developer/Platforms/MacOSX.platform/Developer/SDKs/MacOSX10.14.sdk";
				SWIFT_VERSION = 5.0;
			};
			name = Debug;
		};
		OBJ_236 /* Release */ = {
			isa = XCBuildConfiguration;
			buildSettings = {
				LD = /usr/bin/true;
				OTHER_SWIFT_FLAGS = "-swift-version 5 -I $(TOOLCHAIN_DIR)/usr/lib/swift/pm/4_2 -target x86_64-apple-macosx10.10 -sdk /Volumes/Macintosh-HD/Xcode 10.2.app/Contents/Developer/Platforms/MacOSX.platform/Developer/SDKs/MacOSX10.14.sdk";
				SWIFT_VERSION = 5.0;
			};
			name = Release;
		};
		OBJ_241 /* Debug */ = {
			isa = XCBuildConfiguration;
			buildSettings = {
			};
			name = Debug;
		};
		OBJ_242 /* Release */ = {
			isa = XCBuildConfiguration;
			buildSettings = {
			};
			name = Release;
		};
		OBJ_246 /* Debug */ = {
			isa = XCBuildConfiguration;
			buildSettings = {
				ALWAYS_EMBED_SWIFT_STANDARD_LIBRARIES = YES;
				CLANG_ENABLE_MODULES = YES;
				EMBEDDED_CONTENT_CONTAINS_SWIFT = YES;
				FRAMEWORK_SEARCH_PATHS = (
					"$(inherited)",
					"$(PLATFORM_DIR)/Developer/Library/Frameworks",
				);
				HEADER_SEARCH_PATHS = (
					"$(inherited)",
					"$(SRCROOT)/.build/checkouts/swift-package-manager/Sources/clibc/include",
				);
				INFOPLIST_FILE = TD_Qvec_post_process.xcodeproj/TD_Qvec_post_processTests_Info.plist;
				IPHONEOS_DEPLOYMENT_TARGET = 8.0;
				LD_RUNPATH_SEARCH_PATHS = "$(inherited) @loader_path/../Frameworks @loader_path/Frameworks";
				MACOSX_DEPLOYMENT_TARGET = 10.10;
				OTHER_CFLAGS = "$(inherited)";
				OTHER_LDFLAGS = "$(inherited)";
				OTHER_SWIFT_FLAGS = "$(inherited) -Xcc -fmodule-map-file=$(SRCROOT)/.build/checkouts/swift-package-manager/Sources/clibc/include/module.modulemap";
				SWIFT_ACTIVE_COMPILATION_CONDITIONS = "$(inherited)";
				SWIFT_VERSION = 5.0;
				TARGET_NAME = TD_Qvec_post_processTests;
				TVOS_DEPLOYMENT_TARGET = 9.0;
				WATCHOS_DEPLOYMENT_TARGET = 2.0;
			};
			name = Debug;
		};
		OBJ_247 /* Release */ = {
			isa = XCBuildConfiguration;
			buildSettings = {
				ALWAYS_EMBED_SWIFT_STANDARD_LIBRARIES = YES;
				CLANG_ENABLE_MODULES = YES;
				EMBEDDED_CONTENT_CONTAINS_SWIFT = YES;
				FRAMEWORK_SEARCH_PATHS = (
					"$(inherited)",
					"$(PLATFORM_DIR)/Developer/Library/Frameworks",
				);
				HEADER_SEARCH_PATHS = (
					"$(inherited)",
					"$(SRCROOT)/.build/checkouts/swift-package-manager/Sources/clibc/include",
				);
				INFOPLIST_FILE = TD_Qvec_post_process.xcodeproj/TD_Qvec_post_processTests_Info.plist;
				IPHONEOS_DEPLOYMENT_TARGET = 8.0;
				LD_RUNPATH_SEARCH_PATHS = "$(inherited) @loader_path/../Frameworks @loader_path/Frameworks";
				MACOSX_DEPLOYMENT_TARGET = 10.10;
				OTHER_CFLAGS = "$(inherited)";
				OTHER_LDFLAGS = "$(inherited)";
				OTHER_SWIFT_FLAGS = "$(inherited) -Xcc -fmodule-map-file=$(SRCROOT)/.build/checkouts/swift-package-manager/Sources/clibc/include/module.modulemap";
				SWIFT_ACTIVE_COMPILATION_CONDITIONS = "$(inherited)";
				SWIFT_VERSION = 5.0;
				TARGET_NAME = TD_Qvec_post_processTests;
				TVOS_DEPLOYMENT_TARGET = 9.0;
				WATCHOS_DEPLOYMENT_TARGET = 2.0;
			};
			name = Release;
		};
		OBJ_264 /* Debug */ = {
			isa = XCBuildConfiguration;
			buildSettings = {
				ENABLE_TESTABILITY = YES;
				FRAMEWORK_SEARCH_PATHS = (
					"$(inherited)",
					"$(PLATFORM_DIR)/Developer/Library/Frameworks",
				);
				HEADER_SEARCH_PATHS = (
					"$(inherited)",
					"$(SRCROOT)/.build/checkouts/swift-package-manager/Sources/clibc/include",
				);
				INFOPLIST_FILE = TD_Qvec_post_process.xcodeproj/Utility_Info.plist;
				LD_RUNPATH_SEARCH_PATHS = "$(inherited) $(TOOLCHAIN_DIR)/usr/lib/swift/macosx";
				OTHER_CFLAGS = "$(inherited)";
				OTHER_LDFLAGS = "$(inherited)";
				OTHER_SWIFT_FLAGS = "$(inherited) -Xcc -fmodule-map-file=$(SRCROOT)/.build/checkouts/swift-package-manager/Sources/clibc/include/module.modulemap";
				PRODUCT_BUNDLE_IDENTIFIER = Utility;
				PRODUCT_MODULE_NAME = "$(TARGET_NAME:c99extidentifier)";
				PRODUCT_NAME = "$(TARGET_NAME:c99extidentifier)";
				SKIP_INSTALL = YES;
				SWIFT_ACTIVE_COMPILATION_CONDITIONS = "$(inherited)";
				SWIFT_VERSION = 4.0;
				TARGET_NAME = Utility;
			};
			name = Debug;
		};
		OBJ_265 /* Release */ = {
			isa = XCBuildConfiguration;
			buildSettings = {
				ENABLE_TESTABILITY = YES;
				FRAMEWORK_SEARCH_PATHS = (
					"$(inherited)",
					"$(PLATFORM_DIR)/Developer/Library/Frameworks",
				);
				HEADER_SEARCH_PATHS = (
					"$(inherited)",
					"$(SRCROOT)/.build/checkouts/swift-package-manager/Sources/clibc/include",
				);
				INFOPLIST_FILE = TD_Qvec_post_process.xcodeproj/Utility_Info.plist;
				LD_RUNPATH_SEARCH_PATHS = "$(inherited) $(TOOLCHAIN_DIR)/usr/lib/swift/macosx";
				OTHER_CFLAGS = "$(inherited)";
				OTHER_LDFLAGS = "$(inherited)";
				OTHER_SWIFT_FLAGS = "$(inherited) -Xcc -fmodule-map-file=$(SRCROOT)/.build/checkouts/swift-package-manager/Sources/clibc/include/module.modulemap";
				PRODUCT_BUNDLE_IDENTIFIER = Utility;
				PRODUCT_MODULE_NAME = "$(TARGET_NAME:c99extidentifier)";
				PRODUCT_NAME = "$(TARGET_NAME:c99extidentifier)";
				SKIP_INSTALL = YES;
				SWIFT_ACTIVE_COMPILATION_CONDITIONS = "$(inherited)";
				SWIFT_VERSION = 4.0;
				TARGET_NAME = Utility;
			};
			name = Release;
		};
		OBJ_296 /* Debug */ = {
			isa = XCBuildConfiguration;
			buildSettings = {
				DEFINES_MODULE = NO;
				ENABLE_TESTABILITY = YES;
				FRAMEWORK_SEARCH_PATHS = (
					"$(inherited)",
					"$(PLATFORM_DIR)/Developer/Library/Frameworks",
				);
				HEADER_SEARCH_PATHS = (
					"$(inherited)",
					"$(SRCROOT)/.build/checkouts/swift-package-manager/Sources/clibc/include",
				);
				INFOPLIST_FILE = TD_Qvec_post_process.xcodeproj/clibc_Info.plist;
				LD_RUNPATH_SEARCH_PATHS = "$(inherited) $(TOOLCHAIN_DIR)/usr/lib/swift/macosx";
				OTHER_CFLAGS = "$(inherited)";
				OTHER_LDFLAGS = "$(inherited)";
				OTHER_SWIFT_FLAGS = "$(inherited)";
				PRODUCT_BUNDLE_IDENTIFIER = clibc;
				PRODUCT_MODULE_NAME = "$(TARGET_NAME:c99extidentifier)";
				PRODUCT_NAME = "$(TARGET_NAME:c99extidentifier)";
				SKIP_INSTALL = YES;
				SWIFT_ACTIVE_COMPILATION_CONDITIONS = "$(inherited)";
				TARGET_NAME = clibc;
			};
			name = Debug;
		};
		OBJ_297 /* Release */ = {
			isa = XCBuildConfiguration;
			buildSettings = {
				DEFINES_MODULE = NO;
				ENABLE_TESTABILITY = YES;
				FRAMEWORK_SEARCH_PATHS = (
					"$(inherited)",
					"$(PLATFORM_DIR)/Developer/Library/Frameworks",
				);
				HEADER_SEARCH_PATHS = (
					"$(inherited)",
					"$(SRCROOT)/.build/checkouts/swift-package-manager/Sources/clibc/include",
				);
				INFOPLIST_FILE = TD_Qvec_post_process.xcodeproj/clibc_Info.plist;
				LD_RUNPATH_SEARCH_PATHS = "$(inherited) $(TOOLCHAIN_DIR)/usr/lib/swift/macosx";
				OTHER_CFLAGS = "$(inherited)";
				OTHER_LDFLAGS = "$(inherited)";
				OTHER_SWIFT_FLAGS = "$(inherited)";
				PRODUCT_BUNDLE_IDENTIFIER = clibc;
				PRODUCT_MODULE_NAME = "$(TARGET_NAME:c99extidentifier)";
				PRODUCT_NAME = "$(TARGET_NAME:c99extidentifier)";
				SKIP_INSTALL = YES;
				SWIFT_ACTIVE_COMPILATION_CONDITIONS = "$(inherited)";
				TARGET_NAME = clibc;
			};
			name = Release;
		};
		OBJ_3 /* Debug */ = {
			isa = XCBuildConfiguration;
			buildSettings = {
				CLANG_ENABLE_OBJC_ARC = YES;
				COMBINE_HIDPI_IMAGES = YES;
				COPY_PHASE_STRIP = NO;
				DEBUG_INFORMATION_FORMAT = dwarf;
				DYLIB_INSTALL_NAME_BASE = "@rpath";
				ENABLE_NS_ASSERTIONS = YES;
				GCC_OPTIMIZATION_LEVEL = 0;
				GCC_PREPROCESSOR_DEFINITIONS = (
					"$(inherited)",
					"SWIFT_PACKAGE=1",
					"DEBUG=1",
				);
				MACOSX_DEPLOYMENT_TARGET = 10.10;
				ONLY_ACTIVE_ARCH = YES;
				OTHER_SWIFT_FLAGS = "-DXcode";
				PRODUCT_NAME = "$(TARGET_NAME)";
				SDKROOT = macosx;
				SUPPORTED_PLATFORMS = "macosx iphoneos iphonesimulator appletvos appletvsimulator watchos watchsimulator";
				SWIFT_ACTIVE_COMPILATION_CONDITIONS = "$(inherited) SWIFT_PACKAGE DEBUG";
				SWIFT_OPTIMIZATION_LEVEL = "-Onone";
				USE_HEADERMAP = NO;
			};
			name = Debug;
		};
		OBJ_4 /* Release */ = {
			isa = XCBuildConfiguration;
			buildSettings = {
				CLANG_ENABLE_OBJC_ARC = YES;
				COMBINE_HIDPI_IMAGES = YES;
				COPY_PHASE_STRIP = YES;
				DEBUG_INFORMATION_FORMAT = "dwarf-with-dsym";
				DYLIB_INSTALL_NAME_BASE = "@rpath";
				GCC_OPTIMIZATION_LEVEL = s;
				GCC_PREPROCESSOR_DEFINITIONS = (
					"$(inherited)",
					"SWIFT_PACKAGE=1",
				);
				MACOSX_DEPLOYMENT_TARGET = 10.10;
				OTHER_SWIFT_FLAGS = "-DXcode";
				PRODUCT_NAME = "$(TARGET_NAME)";
				SDKROOT = macosx;
				SUPPORTED_PLATFORMS = "macosx iphoneos iphonesimulator appletvos appletvsimulator watchos watchsimulator";
				SWIFT_ACTIVE_COMPILATION_CONDITIONS = "$(inherited) SWIFT_PACKAGE";
				SWIFT_OPTIMIZATION_LEVEL = "-Owholemodule";
				USE_HEADERMAP = NO;
			};
			name = Release;
		};
/* End XCBuildConfiguration section */

/* Begin XCConfigurationList section */
		OBJ_126 /* Build configuration list for PBXNativeTarget "Basic" */ = {
			isa = XCConfigurationList;
			buildConfigurations = (
				OBJ_127 /* Debug */,
				OBJ_128 /* Release */,
			);
			defaultConfigurationIsVisible = 0;
			defaultConfigurationName = Release;
		};
		OBJ_178 /* Build configuration list for PBXNativeTarget "POSIX" */ = {
			isa = XCConfigurationList;
			buildConfigurations = (
				OBJ_179 /* Debug */,
				OBJ_180 /* Release */,
			);
			defaultConfigurationIsVisible = 0;
			defaultConfigurationName = Release;
		};
		OBJ_198 /* Build configuration list for PBXNativeTarget "SPMLibc" */ = {
			isa = XCConfigurationList;
			buildConfigurations = (
				OBJ_199 /* Debug */,
				OBJ_200 /* Release */,
			);
			defaultConfigurationIsVisible = 0;
			defaultConfigurationName = Release;
		};
		OBJ_2 /* Build configuration list for PBXProject "TD_Qvec_post_process" */ = {
			isa = XCConfigurationList;
			buildConfigurations = (
				OBJ_3 /* Debug */,
				OBJ_4 /* Release */,
			);
			defaultConfigurationIsVisible = 0;
			defaultConfigurationName = Release;
		};
		OBJ_207 /* Build configuration list for PBXNativeTarget "SwiftPMPackageDescription" */ = {
			isa = XCConfigurationList;
			buildConfigurations = (
				OBJ_208 /* Debug */,
				OBJ_209 /* Release */,
			);
			defaultConfigurationIsVisible = 0;
			defaultConfigurationName = Release;
		};
		OBJ_213 /* Build configuration list for PBXNativeTarget "TD_Qvec_post_process" */ = {
			isa = XCConfigurationList;
			buildConfigurations = (
				OBJ_214 /* Debug */,
				OBJ_215 /* Release */,
			);
			defaultConfigurationIsVisible = 0;
			defaultConfigurationName = Release;
		};
		OBJ_234 /* Build configuration list for PBXNativeTarget "TD_Qvec_post_processPackageDescription" */ = {
			isa = XCConfigurationList;
			buildConfigurations = (
				OBJ_235 /* Debug */,
				OBJ_236 /* Release */,
			);
			defaultConfigurationIsVisible = 0;
			defaultConfigurationName = Release;
		};
		OBJ_240 /* Build configuration list for PBXAggregateTarget "TD_Qvec_post_processPackageTests" */ = {
			isa = XCConfigurationList;
			buildConfigurations = (
				OBJ_241 /* Debug */,
				OBJ_242 /* Release */,
			);
			defaultConfigurationIsVisible = 0;
			defaultConfigurationName = Release;
		};
		OBJ_245 /* Build configuration list for PBXNativeTarget "TD_Qvec_post_processTests" */ = {
			isa = XCConfigurationList;
			buildConfigurations = (
				OBJ_246 /* Debug */,
				OBJ_247 /* Release */,
			);
			defaultConfigurationIsVisible = 0;
			defaultConfigurationName = Release;
		};
		OBJ_263 /* Build configuration list for PBXNativeTarget "Utility" */ = {
			isa = XCConfigurationList;
			buildConfigurations = (
				OBJ_264 /* Debug */,
				OBJ_265 /* Release */,
			);
			defaultConfigurationIsVisible = 0;
			defaultConfigurationName = Release;
		};
		OBJ_295 /* Build configuration list for PBXNativeTarget "clibc" */ = {
			isa = XCConfigurationList;
			buildConfigurations = (
				OBJ_296 /* Debug */,
				OBJ_297 /* Release */,
			);
			defaultConfigurationIsVisible = 0;
			defaultConfigurationName = Release;
		};
/* End XCConfigurationList section */
	};
	rootObject = OBJ_1 /* Project object */;
}
